PODS:
  - Alamofire (5.5.0)
  - AppAuth (1.4.0):
    - AppAuth/Core (= 1.4.0)
    - AppAuth/ExternalUserAgent (= 1.4.0)
  - AppAuth/Core (1.4.0)
  - AppAuth/ExternalUserAgent (1.4.0)
  - GoogleSignIn (6.1.0):
    - AppAuth (~> 1.4)
    - GTMAppAuth (~> 1.0)
    - GTMSessionFetcher/Core (~> 1.1)
  - GTMAppAuth (1.2.2):
    - AppAuth/Core (~> 1.4)
    - GTMSessionFetcher/Core (~> 1.5)
  - GTMSessionFetcher/Core (1.7.0)
  - KakaoSDKAuth (2.8.4):
    - KakaoSDKCommon (= 2.8.4)
  - KakaoSDKCommon (2.8.4):
    - KakaoSDKCommon/Common (= 2.8.4)
    - KakaoSDKCommon/Network (= 2.8.4)
  - KakaoSDKCommon/Common (2.8.4)
  - KakaoSDKCommon/Network (2.8.4):
    - Alamofire (~> 5.1)
    - KakaoSDKCommon/Common (= 2.8.4)
  - KakaoSDKUser (2.8.4):
    - KakaoSDKAuth (= 2.8.4)

DEPENDENCIES:
  - GoogleSignIn
  - KakaoSDKAuth
  - KakaoSDKCommon
  - KakaoSDKUser

SPEC REPOS:
  trunk:
    - Alamofire
    - AppAuth
    - GoogleSignIn
    - GTMAppAuth
    - GTMSessionFetcher
    - KakaoSDKAuth
    - KakaoSDKCommon
    - KakaoSDKUser

SPEC CHECKSUMS:
  Alamofire: 1c4fb5369c3fe93d2857c780d8bbe09f06f97e7c
  AppAuth: 31bcec809a638d7bd2f86ea8a52bd45f6e81e7c7
  GoogleSignIn: c90b5bec45e780f54c6a8e1e3c182a86e3dda69d
  GTMAppAuth: ad5c2b70b9a8689e1a04033c9369c4915bfcbe89
  GTMSessionFetcher: 43748f93435c2aa068b1cbe39655aaf600652e91
  KakaoSDKAuth: b9b693995f98b1821ccd22b39d383e1dede5ca45
  KakaoSDKCommon: 33c9902ee9ce13e9d1cac3549896406229836ff5
  KakaoSDKUser: d878977e0ba6b365cfeac3b6319cdf4231713bea

PODFILE CHECKSUM: be249540eb6c168ee3853d65b22fec5a6ac9b577

COCOAPODS: 1.11.2
