// !$*UTF8*$!
{
	archiveVersion = 1;
	classes = {
	};
	objectVersion = 55;
	objects = {

/* Begin PBXBuildFile section */
		2A3017D5277AA5FC00369590 /* Tests_iOS.swift in Sources */ = {isa = PBXBuildFile; fileRef = 2A3017D4277AA5FC00369590 /* Tests_iOS.swift */; };
		2A3017D7277AA5FC00369590 /* Tests_iOSLaunchTests.swift in Sources */ = {isa = PBXBuildFile; fileRef = 2A3017D6277AA5FC00369590 /* Tests_iOSLaunchTests.swift */; };
		2A3017E1277AA5FC00369590 /* Tests_macOS.swift in Sources */ = {isa = PBXBuildFile; fileRef = 2A3017E0277AA5FC00369590 /* Tests_macOS.swift */; };
		2A3017E3277AA5FC00369590 /* Tests_macOSLaunchTests.swift in Sources */ = {isa = PBXBuildFile; fileRef = 2A3017E2277AA5FC00369590 /* Tests_macOSLaunchTests.swift */; };
		2A3017E4277AA5FC00369590 /* MorizeApp.swift in Sources */ = {isa = PBXBuildFile; fileRef = 2A3017BC277AA5FA00369590 /* MorizeApp.swift */; };
		2A3017E5277AA5FC00369590 /* MorizeApp.swift in Sources */ = {isa = PBXBuildFile; fileRef = 2A3017BC277AA5FA00369590 /* MorizeApp.swift */; };
		2A3017E6277AA5FC00369590 /* ContentView.swift in Sources */ = {isa = PBXBuildFile; fileRef = 2A3017BD277AA5FA00369590 /* ContentView.swift */; };
		2A3017E7277AA5FC00369590 /* ContentView.swift in Sources */ = {isa = PBXBuildFile; fileRef = 2A3017BD277AA5FA00369590 /* ContentView.swift */; };
		2A3017E8277AA5FC00369590 /* Assets.xcassets in Resources */ = {isa = PBXBuildFile; fileRef = 2A3017BE277AA5FC00369590 /* Assets.xcassets */; };
		2A3017E9277AA5FC00369590 /* Assets.xcassets in Resources */ = {isa = PBXBuildFile; fileRef = 2A3017BE277AA5FC00369590 /* Assets.xcassets */; };
		2A3AF3A1279E38B00020DC74 /* AccountManagement.swift in Sources */ = {isa = PBXBuildFile; fileRef = 2A3AF3A0279E38B00020DC74 /* AccountManagement.swift */; };
		2A3AF3A2279E38B00020DC74 /* AccountManagement.swift in Sources */ = {isa = PBXBuildFile; fileRef = 2A3AF3A0279E38B00020DC74 /* AccountManagement.swift */; };
		2A3AF3A4279E38EB0020DC74 /* NoticeView.swift in Sources */ = {isa = PBXBuildFile; fileRef = 2A3AF3A3279E38EB0020DC74 /* NoticeView.swift */; };
		2A3AF3A5279E38EB0020DC74 /* NoticeView.swift in Sources */ = {isa = PBXBuildFile; fileRef = 2A3AF3A3279E38EB0020DC74 /* NoticeView.swift */; };
		2A3AF3A7279E39180020DC74 /* iCloudDataView.swift in Sources */ = {isa = PBXBuildFile; fileRef = 2A3AF3A6279E39180020DC74 /* iCloudDataView.swift */; };
		2A3AF3A8279E39180020DC74 /* iCloudDataView.swift in Sources */ = {isa = PBXBuildFile; fileRef = 2A3AF3A6279E39180020DC74 /* iCloudDataView.swift */; };
		2A3AF3AA279E39270020DC74 /* CSVDataView.swift in Sources */ = {isa = PBXBuildFile; fileRef = 2A3AF3A9279E39270020DC74 /* CSVDataView.swift */; };
		2A3AF3AB279E39270020DC74 /* CSVDataView.swift in Sources */ = {isa = PBXBuildFile; fileRef = 2A3AF3A9279E39270020DC74 /* CSVDataView.swift */; };
		2A3AF3AD279E39AF0020DC74 /* FAQView.swift in Sources */ = {isa = PBXBuildFile; fileRef = 2A3AF3AC279E39AF0020DC74 /* FAQView.swift */; };
		2A3AF3AE279E39AF0020DC74 /* FAQView.swift in Sources */ = {isa = PBXBuildFile; fileRef = 2A3AF3AC279E39AF0020DC74 /* FAQView.swift */; };
		2A3AF3B0279E39EB0020DC74 /* SendEmail.swift in Sources */ = {isa = PBXBuildFile; fileRef = 2A3AF3AF279E39EB0020DC74 /* SendEmail.swift */; };
		2A3AF3B1279E39EB0020DC74 /* SendEmail.swift in Sources */ = {isa = PBXBuildFile; fileRef = 2A3AF3AF279E39EB0020DC74 /* SendEmail.swift */; };
		2A3C59EE278526BD0005865D /* LoginView.swift in Sources */ = {isa = PBXBuildFile; fileRef = 2A3C59ED278526BD0005865D /* LoginView.swift */; };
		2A3C59FA278530410005865D /* WordListView.swift in Sources */ = {isa = PBXBuildFile; fileRef = 2A3C59F9278530410005865D /* WordListView.swift */; };
		2A3C5A00278534510005865D /* TabViewSetting.swift in Sources */ = {isa = PBXBuildFile; fileRef = 2A3C59FF278534510005865D /* TabViewSetting.swift */; };
		2A7C84A37C0872D77AEFE627 /* Pods_Morize__macOS_.framework in Frameworks */ = {isa = PBXBuildFile; fileRef = D08E710964522B10A991B9E6 /* Pods_Morize__macOS_.framework */; };
		2A7DB83727AAB9BA004D4C0D /* ComposeMailData.swift in Sources */ = {isa = PBXBuildFile; fileRef = 2A7DB83627AAB9BA004D4C0D /* ComposeMailData.swift */; };
		2A903A5D27969AE600DB774A /* AppDelegate.swift in Sources */ = {isa = PBXBuildFile; fileRef = 2A6A37922786727B0068DD0B /* AppDelegate.swift */; };
		2A903A5E27969AF900DB774A /* AppDelegate.swift in Sources */ = {isa = PBXBuildFile; fileRef = 2A6A37922786727B0068DD0B /* AppDelegate.swift */; };
		2A903A5F27969B1000DB774A /* High.swift in Sources */ = {isa = PBXBuildFile; fileRef = F7AB7CEF278BF91E0039989F /* High.swift */; };
		2A903A6027969B1B00DB774A /* ToeicWord.swift in Sources */ = {isa = PBXBuildFile; fileRef = F7AE674F27867F3B007D62FF /* ToeicWord.swift */; };
		2A903A6127969B2400DB774A /* TabViewSetting.swift in Sources */ = {isa = PBXBuildFile; fileRef = 2A3C59FF278534510005865D /* TabViewSetting.swift */; };
		2A903A6227969B2700DB774A /* WordView.swift in Sources */ = {isa = PBXBuildFile; fileRef = 2A3C59F5278530150005865D /* WordView.swift */; };
		2A903A6327969B2800DB774A /* WordView.swift in Sources */ = {isa = PBXBuildFile; fileRef = 2A3C59F5278530150005865D /* WordView.swift */; };
		2A903A6427969B4100DB774A /* Middle.swift in Sources */ = {isa = PBXBuildFile; fileRef = F7AB7CE6278BB42D0039989F /* Middle.swift */; };
		2A903A6527969B4F00DB774A /* UserInfo.swift in Sources */ = {isa = PBXBuildFile; fileRef = 2AD3595C278E8AAB00A13F5B /* UserInfo.swift */; };
		2A903A6627969B5300DB774A /* LoginView.swift in Sources */ = {isa = PBXBuildFile; fileRef = 2A3C59ED278526BD0005865D /* LoginView.swift */; };
		2A903A6727969B5800DB774A /* GoogleDelegate.swift in Sources */ = {isa = PBXBuildFile; fileRef = 2AD35960278E9DEA00A13F5B /* GoogleDelegate.swift */; };
		2A903A6827969B5D00DB774A /* AppleDelegate.swift in Sources */ = {isa = PBXBuildFile; fileRef = 2AEA85B92790058C00BE96D9 /* AppleDelegate.swift */; };
		2A903A6927969B8E00DB774A /* minigame2.swift in Sources */ = {isa = PBXBuildFile; fileRef = B7D7607D277D985600D50AFA /* minigame2.swift */; };
		2A903A6A27969B9200DB774A /* NotificationView.swift in Sources */ = {isa = PBXBuildFile; fileRef = 2AD8C86B279113D40096B483 /* NotificationView.swift */; };
		2A903A6B27969B9300DB774A /* NotificationView.swift in Sources */ = {isa = PBXBuildFile; fileRef = 2AD8C86B279113D40096B483 /* NotificationView.swift */; };
		2A903A6C27969B9500DB774A /* SettingView.swift in Sources */ = {isa = PBXBuildFile; fileRef = 2AD8C869279113BF0096B483 /* SettingView.swift */; };
		2A903A6D27969B9900DB774A /* MiniGameView.swift in Sources */ = {isa = PBXBuildFile; fileRef = 2A3C59FB278530510005865D /* MiniGameView.swift */; };
		2A903A6E27969B9900DB774A /* MiniGameView.swift in Sources */ = {isa = PBXBuildFile; fileRef = 2A3C59FB278530510005865D /* MiniGameView.swift */; };
		2A903A6F27969B9C00DB774A /* WordListView.swift in Sources */ = {isa = PBXBuildFile; fileRef = 2A3C59F9278530410005865D /* WordListView.swift */; };
		2A903A7027969BA200DB774A /* WordSelectView.swift in Sources */ = {isa = PBXBuildFile; fileRef = 2AD8C8672791126C0096B483 /* WordSelectView.swift */; };
		2AD3595D278E8AAB00A13F5B /* UserInfo.swift in Sources */ = {isa = PBXBuildFile; fileRef = 2AD3595C278E8AAB00A13F5B /* UserInfo.swift */; };
		2AD35961278E9DEA00A13F5B /* GoogleDelegate.swift in Sources */ = {isa = PBXBuildFile; fileRef = 2AD35960278E9DEA00A13F5B /* GoogleDelegate.swift */; };
		2AD8C8682791126C0096B483 /* WordSelectView.swift in Sources */ = {isa = PBXBuildFile; fileRef = 2AD8C8672791126C0096B483 /* WordSelectView.swift */; };
		2AD8C86A279113BF0096B483 /* SettingView.swift in Sources */ = {isa = PBXBuildFile; fileRef = 2AD8C869279113BF0096B483 /* SettingView.swift */; };
		2AEA85BA2790058C00BE96D9 /* AppleDelegate.swift in Sources */ = {isa = PBXBuildFile; fileRef = 2AEA85B92790058C00BE96D9 /* AppleDelegate.swift */; };
		7812AEF9A4236C0933D20A63 /* Pods_Morize__iOS_.framework in Frameworks */ = {isa = PBXBuildFile; fileRef = 32AA951ACD747BC6C5B669C9 /* Pods_Morize__iOS_.framework */; };
		B709682C2782CDB0001B0884 /* Game.swift in Sources */ = {isa = PBXBuildFile; fileRef = B709681F2782CDB0001B0884 /* Game.swift */; };
		B709682D2782CDB0001B0884 /* Game.swift in Sources */ = {isa = PBXBuildFile; fileRef = B709681F2782CDB0001B0884 /* Game.swift */; };
		B709682E2782CDB0001B0884 /* GameColor.swift in Sources */ = {isa = PBXBuildFile; fileRef = B70968202782CDB0001B0884 /* GameColor.swift */; };
		B709682F2782CDB0001B0884 /* GameColor.swift in Sources */ = {isa = PBXBuildFile; fileRef = B70968202782CDB0001B0884 /* GameColor.swift */; };
		B70968302782CDB0001B0884 /* Question.swift in Sources */ = {isa = PBXBuildFile; fileRef = B70968212782CDB0001B0884 /* Question.swift */; };
		B70968312782CDB0001B0884 /* Question.swift in Sources */ = {isa = PBXBuildFile; fileRef = B70968212782CDB0001B0884 /* Question.swift */; };
		B70968322782CDB0001B0884 /* MyTimer.swift in Sources */ = {isa = PBXBuildFile; fileRef = B70968222782CDB0001B0884 /* MyTimer.swift */; };
		B70968332782CDB0001B0884 /* MyTimer.swift in Sources */ = {isa = PBXBuildFile; fileRef = B70968222782CDB0001B0884 /* MyTimer.swift */; };
		B70968342782CDB0001B0884 /* GameViewModel.swift in Sources */ = {isa = PBXBuildFile; fileRef = B70968232782CDB0001B0884 /* GameViewModel.swift */; };
		B70968352782CDB0001B0884 /* GameViewModel.swift in Sources */ = {isa = PBXBuildFile; fileRef = B70968232782CDB0001B0884 /* GameViewModel.swift */; };
		B70968362782CDB0001B0884 /* MainTabView.swift in Sources */ = {isa = PBXBuildFile; fileRef = B70968252782CDB0001B0884 /* MainTabView.swift */; };
		B70968372782CDB0001B0884 /* MainTabView.swift in Sources */ = {isa = PBXBuildFile; fileRef = B70968252782CDB0001B0884 /* MainTabView.swift */; };
		B70968382782CDB0001B0884 /* BottomText.swift in Sources */ = {isa = PBXBuildFile; fileRef = B70968262782CDB0001B0884 /* BottomText.swift */; };
		B70968392782CDB0001B0884 /* BottomText.swift in Sources */ = {isa = PBXBuildFile; fileRef = B70968262782CDB0001B0884 /* BottomText.swift */; };
		B709683A2782CDB0001B0884 /* TimerGame.swift in Sources */ = {isa = PBXBuildFile; fileRef = B70968272782CDB0001B0884 /* TimerGame.swift */; };
		B709683B2782CDB0001B0884 /* TimerGame.swift in Sources */ = {isa = PBXBuildFile; fileRef = B70968272782CDB0001B0884 /* TimerGame.swift */; };
		B709683C2782CDB0001B0884 /* ResultsView.swift in Sources */ = {isa = PBXBuildFile; fileRef = B70968282782CDB0001B0884 /* ResultsView.swift */; };
		B709683D2782CDB0001B0884 /* ResultsView.swift in Sources */ = {isa = PBXBuildFile; fileRef = B70968282782CDB0001B0884 /* ResultsView.swift */; };
		B709683E2782CDB0001B0884 /* WelcomeView.swift in Sources */ = {isa = PBXBuildFile; fileRef = B70968292782CDB0001B0884 /* WelcomeView.swift */; };
		B709683F2782CDB0001B0884 /* WelcomeView.swift in Sources */ = {isa = PBXBuildFile; fileRef = B70968292782CDB0001B0884 /* WelcomeView.swift */; };
		B70968402782CDB0001B0884 /* ControlsView.swift in Sources */ = {isa = PBXBuildFile; fileRef = B709682A2782CDB0001B0884 /* ControlsView.swift */; };
		B70968412782CDB0001B0884 /* ControlsView.swift in Sources */ = {isa = PBXBuildFile; fileRef = B709682A2782CDB0001B0884 /* ControlsView.swift */; };
		B70968422782CDB0001B0884 /* ResultsViewModel.swift in Sources */ = {isa = PBXBuildFile; fileRef = B709682B2782CDB0001B0884 /* ResultsViewModel.swift */; };
		B70968432782CDB0001B0884 /* ResultsViewModel.swift in Sources */ = {isa = PBXBuildFile; fileRef = B709682B2782CDB0001B0884 /* ResultsViewModel.swift */; };
		B712F9C7277D6D8700E7A3BD /* Lottie in Frameworks */ = {isa = PBXBuildFile; productRef = B712F9C6277D6D8700E7A3BD /* Lottie */; };
		B712F9CA277D6DE000E7A3BD /* LottieView.swift in Sources */ = {isa = PBXBuildFile; fileRef = B712F9C9277D6DE000E7A3BD /* LottieView.swift */; };
		B712F9CC277D6F9300E7A3BD /* fireworks.json in Resources */ = {isa = PBXBuildFile; fileRef = B712F9CB277D6F9300E7A3BD /* fireworks.json */; };
		B713F46A278BC36C0040E6A4 /* CardFlipTutorial.swift in Sources */ = {isa = PBXBuildFile; fileRef = B713F469278BC36C0040E6A4 /* CardFlipTutorial.swift */; };
		B713F46C278BC3C70040E6A4 /* Flashcard.swift in Sources */ = {isa = PBXBuildFile; fileRef = B713F46B278BC3C70040E6A4 /* Flashcard.swift */; };
		B713F46F278BC7E60040E6A4 /* click.json in Resources */ = {isa = PBXBuildFile; fileRef = B713F46D278BC7E50040E6A4 /* click.json */; };
		B713F470278BC7E60040E6A4 /* arrow.json in Resources */ = {isa = PBXBuildFile; fileRef = B713F46E278BC7E60040E6A4 /* arrow.json */; };
		B713F472278BD7050040E6A4 /* CardMemory.swift in Sources */ = {isa = PBXBuildFile; fileRef = B713F471278BD7050040E6A4 /* CardMemory.swift */; };
		B71FAB20277D41EC00957C5B /* Extension+Color.swift in Sources */ = {isa = PBXBuildFile; fileRef = B71FAB1F277D41EC00957C5B /* Extension+Color.swift */; };
		B733B2C2278673CB0011C68F /* AnimatableModifierDouble.swift in Sources */ = {isa = PBXBuildFile; fileRef = B733B2C1278673CB0011C68F /* AnimatableModifierDouble.swift */; };
		B74B45BE278D96E2001140D9 /* Extension+View.swift in Sources */ = {isa = PBXBuildFile; fileRef = B74B45BD278D96E2001140D9 /* Extension+View.swift */; };
		B774CEFC277BECC900A9B368 /* MiniGame.swift in Sources */ = {isa = PBXBuildFile; fileRef = B774CEFB277BECC900A9B368 /* MiniGame.swift */; };
		B774CF01277BEDD500A9B368 /* MiniGameVM.swift in Sources */ = {isa = PBXBuildFile; fileRef = B774CF00277BEDD500A9B368 /* MiniGameVM.swift */; };
		B777307A27851BA000123DAD /* CardFlip.swift in Sources */ = {isa = PBXBuildFile; fileRef = B777307927851BA000123DAD /* CardFlip.swift */; };
		B777307C27851FD800123DAD /* CardFlipVM.swift in Sources */ = {isa = PBXBuildFile; fileRef = B777307B27851FD800123DAD /* CardFlipVM.swift */; };
		B7D7607E277D985600D50AFA /* minigame2.swift in Sources */ = {isa = PBXBuildFile; fileRef = B7D7607D277D985600D50AFA /* minigame2.swift */; };
		B7DB0B9B279E4AAC002A8C2C /* GodoB.ttf in Resources */ = {isa = PBXBuildFile; fileRef = B7DB0B99279E4AAC002A8C2C /* GodoB.ttf */; };
		B7DB0B9C279E4AAC002A8C2C /* GodoM.ttf in Resources */ = {isa = PBXBuildFile; fileRef = B7DB0B9A279E4AAC002A8C2C /* GodoM.ttf */; };
		B7DB0BA0279E82D6002A8C2C /* plant.json in Resources */ = {isa = PBXBuildFile; fileRef = B7DB0B9F279E82D5002A8C2C /* plant.json */; };
		B7DB0BA2279E85A2002A8C2C /* fox.json in Resources */ = {isa = PBXBuildFile; fileRef = B7DB0BA1279E85A2002A8C2C /* fox.json */; };
		F70721CD27967F7200C6E549 /* MorizeTests.swift in Sources */ = {isa = PBXBuildFile; fileRef = F70721CC27967F7200C6E549 /* MorizeTests.swift */; };
		F79D02EB279003EF008A43D6 /* Timmer.swift in Sources */ = {isa = PBXBuildFile; fileRef = F79D02EA279003EF008A43D6 /* Timmer.swift */; };
		F79D02EC279003EF008A43D6 /* Timmer.swift in Sources */ = {isa = PBXBuildFile; fileRef = F79D02EA279003EF008A43D6 /* Timmer.swift */; };
		F7AB7CE8278BB42E0039989F /* Middle.swift in Sources */ = {isa = PBXBuildFile; fileRef = F7AB7CE6278BB42D0039989F /* Middle.swift */; };
		F7AB7CF1278BF91E0039989F /* High.swift in Sources */ = {isa = PBXBuildFile; fileRef = F7AB7CEF278BF91E0039989F /* High.swift */; };
		F7AB7CF3278BF92A0039989F /* Toeic.swift in Sources */ = {isa = PBXBuildFile; fileRef = F7AB7CF2278BF92A0039989F /* Toeic.swift */; };
		F7AB7CF4278BF92A0039989F /* Toeic.swift in Sources */ = {isa = PBXBuildFile; fileRef = F7AB7CF2278BF92A0039989F /* Toeic.swift */; };
		F7AE674A27867D5F007D62FF /* MiddleWord.swift in Sources */ = {isa = PBXBuildFile; fileRef = F7AE674927867D5F007D62FF /* MiddleWord.swift */; };
		F7AE674B27867D5F007D62FF /* MiddleWord.swift in Sources */ = {isa = PBXBuildFile; fileRef = F7AE674927867D5F007D62FF /* MiddleWord.swift */; };
		F7AE674D27867F0E007D62FF /* HighWord.swift in Sources */ = {isa = PBXBuildFile; fileRef = F7AE674C27867F0E007D62FF /* HighWord.swift */; };
		F7AE674E27867F0E007D62FF /* HighWord.swift in Sources */ = {isa = PBXBuildFile; fileRef = F7AE674C27867F0E007D62FF /* HighWord.swift */; };
		F7AE675127867F3B007D62FF /* ToeicWord.swift in Sources */ = {isa = PBXBuildFile; fileRef = F7AE674F27867F3B007D62FF /* ToeicWord.swift */; };
		F7F7E131278415BB008FF432 /* WordList.swift in Sources */ = {isa = PBXBuildFile; fileRef = F7F7E130278415BB008FF432 /* WordList.swift */; };
		F7F7E132278415BB008FF432 /* WordList.swift in Sources */ = {isa = PBXBuildFile; fileRef = F7F7E130278415BB008FF432 /* WordList.swift */; };
/* End PBXBuildFile section */

/* Begin PBXContainerItemProxy section */
		2A3017D1277AA5FC00369590 /* PBXContainerItemProxy */ = {
			isa = PBXContainerItemProxy;
			containerPortal = 2A3017B7277AA5F900369590 /* Project object */;
			proxyType = 1;
			remoteGlobalIDString = 2A3017C2277AA5FC00369590;
			remoteInfo = "Morize (iOS)";
		};
		2A3017DD277AA5FC00369590 /* PBXContainerItemProxy */ = {
			isa = PBXContainerItemProxy;
			containerPortal = 2A3017B7277AA5F900369590 /* Project object */;
			proxyType = 1;
			remoteGlobalIDString = 2A3017C8277AA5FC00369590;
			remoteInfo = "Morize (macOS)";
		};
		F70721CE27967F7200C6E549 /* PBXContainerItemProxy */ = {
			isa = PBXContainerItemProxy;
			containerPortal = 2A3017B7277AA5F900369590 /* Project object */;
			proxyType = 1;
			remoteGlobalIDString = 2A3017C2277AA5FC00369590;
			remoteInfo = "Morize (iOS)";
		};
/* End PBXContainerItemProxy section */

/* Begin PBXFileReference section */
		25D9DB5502EB0EB628DE1CF9 /* Pods-Morize (macOS).release.xcconfig */ = {isa = PBXFileReference; includeInIndex = 1; lastKnownFileType = text.xcconfig; name = "Pods-Morize (macOS).release.xcconfig"; path = "Target Support Files/Pods-Morize (macOS)/Pods-Morize (macOS).release.xcconfig"; sourceTree = "<group>"; };
		2A3017BC277AA5FA00369590 /* MorizeApp.swift */ = {isa = PBXFileReference; lastKnownFileType = sourcecode.swift; path = MorizeApp.swift; sourceTree = "<group>"; };
		2A3017BD277AA5FA00369590 /* ContentView.swift */ = {isa = PBXFileReference; lastKnownFileType = sourcecode.swift; path = ContentView.swift; sourceTree = "<group>"; };
		2A3017BE277AA5FC00369590 /* Assets.xcassets */ = {isa = PBXFileReference; lastKnownFileType = folder.assetcatalog; path = Assets.xcassets; sourceTree = "<group>"; };
		2A3017C3277AA5FC00369590 /* Morize.app */ = {isa = PBXFileReference; explicitFileType = wrapper.application; includeInIndex = 0; path = Morize.app; sourceTree = BUILT_PRODUCTS_DIR; };
		2A3017C9277AA5FC00369590 /* Morize.app */ = {isa = PBXFileReference; explicitFileType = wrapper.application; includeInIndex = 0; path = Morize.app; sourceTree = BUILT_PRODUCTS_DIR; };
		2A3017CB277AA5FC00369590 /* macOS.entitlements */ = {isa = PBXFileReference; lastKnownFileType = text.plist.entitlements; path = macOS.entitlements; sourceTree = "<group>"; };
		2A3017D0277AA5FC00369590 /* Tests iOS.xctest */ = {isa = PBXFileReference; explicitFileType = wrapper.cfbundle; includeInIndex = 0; path = "Tests iOS.xctest"; sourceTree = BUILT_PRODUCTS_DIR; };
		2A3017D4277AA5FC00369590 /* Tests_iOS.swift */ = {isa = PBXFileReference; lastKnownFileType = sourcecode.swift; path = Tests_iOS.swift; sourceTree = "<group>"; };
		2A3017D6277AA5FC00369590 /* Tests_iOSLaunchTests.swift */ = {isa = PBXFileReference; lastKnownFileType = sourcecode.swift; path = Tests_iOSLaunchTests.swift; sourceTree = "<group>"; };
		2A3017DC277AA5FC00369590 /* Tests macOS.xctest */ = {isa = PBXFileReference; explicitFileType = wrapper.cfbundle; includeInIndex = 0; path = "Tests macOS.xctest"; sourceTree = BUILT_PRODUCTS_DIR; };
		2A3017E0277AA5FC00369590 /* Tests_macOS.swift */ = {isa = PBXFileReference; lastKnownFileType = sourcecode.swift; path = Tests_macOS.swift; sourceTree = "<group>"; };
		2A3017E2277AA5FC00369590 /* Tests_macOSLaunchTests.swift */ = {isa = PBXFileReference; lastKnownFileType = sourcecode.swift; path = Tests_macOSLaunchTests.swift; sourceTree = "<group>"; };
		2A3AF3A0279E38B00020DC74 /* AccountManagement.swift */ = {isa = PBXFileReference; lastKnownFileType = sourcecode.swift; path = AccountManagement.swift; sourceTree = "<group>"; };
		2A3AF3A3279E38EB0020DC74 /* NoticeView.swift */ = {isa = PBXFileReference; lastKnownFileType = sourcecode.swift; path = NoticeView.swift; sourceTree = "<group>"; };
		2A3AF3A6279E39180020DC74 /* iCloudDataView.swift */ = {isa = PBXFileReference; lastKnownFileType = sourcecode.swift; path = iCloudDataView.swift; sourceTree = "<group>"; };
		2A3AF3A9279E39270020DC74 /* CSVDataView.swift */ = {isa = PBXFileReference; lastKnownFileType = sourcecode.swift; path = CSVDataView.swift; sourceTree = "<group>"; };
		2A3AF3AC279E39AF0020DC74 /* FAQView.swift */ = {isa = PBXFileReference; lastKnownFileType = sourcecode.swift; path = FAQView.swift; sourceTree = "<group>"; };
		2A3AF3AF279E39EB0020DC74 /* SendEmail.swift */ = {isa = PBXFileReference; lastKnownFileType = sourcecode.swift; path = SendEmail.swift; sourceTree = "<group>"; };
		2A3C59ED278526BD0005865D /* LoginView.swift */ = {isa = PBXFileReference; lastKnownFileType = sourcecode.swift; path = LoginView.swift; sourceTree = "<group>"; };
		2A3C59F5278530150005865D /* WordView.swift */ = {isa = PBXFileReference; lastKnownFileType = sourcecode.swift; path = WordView.swift; sourceTree = "<group>"; };
		2A3C59F9278530410005865D /* WordListView.swift */ = {isa = PBXFileReference; lastKnownFileType = sourcecode.swift; path = WordListView.swift; sourceTree = "<group>"; };
		2A3C59FB278530510005865D /* MiniGameView.swift */ = {isa = PBXFileReference; lastKnownFileType = sourcecode.swift; path = MiniGameView.swift; sourceTree = "<group>"; };
		2A3C59FF278534510005865D /* TabViewSetting.swift */ = {isa = PBXFileReference; lastKnownFileType = sourcecode.swift; path = TabViewSetting.swift; sourceTree = "<group>"; };
		2A6A3791278671880068DD0B /* Morize--iOS--Info.plist */ = {isa = PBXFileReference; lastKnownFileType = text.plist; path = "Morize--iOS--Info.plist"; sourceTree = "<group>"; };
		2A6A37922786727B0068DD0B /* AppDelegate.swift */ = {isa = PBXFileReference; lastKnownFileType = sourcecode.swift; path = AppDelegate.swift; sourceTree = "<group>"; };
		2A7DB83627AAB9BA004D4C0D /* ComposeMailData.swift */ = {isa = PBXFileReference; lastKnownFileType = sourcecode.swift; path = ComposeMailData.swift; sourceTree = "<group>"; };
		2AD3595C278E8AAB00A13F5B /* UserInfo.swift */ = {isa = PBXFileReference; lastKnownFileType = sourcecode.swift; path = UserInfo.swift; sourceTree = "<group>"; };
		2AD35960278E9DEA00A13F5B /* GoogleDelegate.swift */ = {isa = PBXFileReference; lastKnownFileType = sourcecode.swift; path = GoogleDelegate.swift; sourceTree = "<group>"; };
		2AD8C8672791126C0096B483 /* WordSelectView.swift */ = {isa = PBXFileReference; lastKnownFileType = sourcecode.swift; path = WordSelectView.swift; sourceTree = "<group>"; };
		2AD8C869279113BF0096B483 /* SettingView.swift */ = {isa = PBXFileReference; lastKnownFileType = sourcecode.swift; path = SettingView.swift; sourceTree = "<group>"; };
		2AD8C86B279113D40096B483 /* NotificationView.swift */ = {isa = PBXFileReference; lastKnownFileType = sourcecode.swift; path = NotificationView.swift; sourceTree = "<group>"; };
		2AEA85B4278FCAB600BE96D9 /* Morize (iOS).entitlements */ = {isa = PBXFileReference; lastKnownFileType = text.plist.entitlements; path = "Morize (iOS).entitlements"; sourceTree = "<group>"; };
		2AEA85B92790058C00BE96D9 /* AppleDelegate.swift */ = {isa = PBXFileReference; lastKnownFileType = sourcecode.swift; path = AppleDelegate.swift; sourceTree = "<group>"; };
		32AA951ACD747BC6C5B669C9 /* Pods_Morize__iOS_.framework */ = {isa = PBXFileReference; explicitFileType = wrapper.framework; includeInIndex = 0; path = Pods_Morize__iOS_.framework; sourceTree = BUILT_PRODUCTS_DIR; };
		3CC5EE289EDDEB2E4A9D8C4F /* Pods-Morize (iOS).debug.xcconfig */ = {isa = PBXFileReference; includeInIndex = 1; lastKnownFileType = text.xcconfig; name = "Pods-Morize (iOS).debug.xcconfig"; path = "Target Support Files/Pods-Morize (iOS)/Pods-Morize (iOS).debug.xcconfig"; sourceTree = "<group>"; };
		8980DC06CA9105AA41A0F6A5 /* Pods-Morize (macOS).debug.xcconfig */ = {isa = PBXFileReference; includeInIndex = 1; lastKnownFileType = text.xcconfig; name = "Pods-Morize (macOS).debug.xcconfig"; path = "Target Support Files/Pods-Morize (macOS)/Pods-Morize (macOS).debug.xcconfig"; sourceTree = "<group>"; };
		AB332727A5833889AE29007F /* Pods-Morize (iOS).release.xcconfig */ = {isa = PBXFileReference; includeInIndex = 1; lastKnownFileType = text.xcconfig; name = "Pods-Morize (iOS).release.xcconfig"; path = "Target Support Files/Pods-Morize (iOS)/Pods-Morize (iOS).release.xcconfig"; sourceTree = "<group>"; };
		B709681F2782CDB0001B0884 /* Game.swift */ = {isa = PBXFileReference; fileEncoding = 4; lastKnownFileType = sourcecode.swift; path = Game.swift; sourceTree = "<group>"; };
		B70968202782CDB0001B0884 /* GameColor.swift */ = {isa = PBXFileReference; fileEncoding = 4; lastKnownFileType = sourcecode.swift; path = GameColor.swift; sourceTree = "<group>"; };
		B70968212782CDB0001B0884 /* Question.swift */ = {isa = PBXFileReference; fileEncoding = 4; lastKnownFileType = sourcecode.swift; path = Question.swift; sourceTree = "<group>"; };
		B70968222782CDB0001B0884 /* MyTimer.swift */ = {isa = PBXFileReference; fileEncoding = 4; lastKnownFileType = sourcecode.swift; path = MyTimer.swift; sourceTree = "<group>"; };
		B70968232782CDB0001B0884 /* GameViewModel.swift */ = {isa = PBXFileReference; fileEncoding = 4; lastKnownFileType = sourcecode.swift; path = GameViewModel.swift; sourceTree = "<group>"; };
		B70968252782CDB0001B0884 /* MainTabView.swift */ = {isa = PBXFileReference; fileEncoding = 4; lastKnownFileType = sourcecode.swift; path = MainTabView.swift; sourceTree = "<group>"; };
		B70968262782CDB0001B0884 /* BottomText.swift */ = {isa = PBXFileReference; fileEncoding = 4; lastKnownFileType = sourcecode.swift; path = BottomText.swift; sourceTree = "<group>"; };
		B70968272782CDB0001B0884 /* TimerGame.swift */ = {isa = PBXFileReference; fileEncoding = 4; lastKnownFileType = sourcecode.swift; path = TimerGame.swift; sourceTree = "<group>"; };
		B70968282782CDB0001B0884 /* ResultsView.swift */ = {isa = PBXFileReference; fileEncoding = 4; lastKnownFileType = sourcecode.swift; path = ResultsView.swift; sourceTree = "<group>"; };
		B70968292782CDB0001B0884 /* WelcomeView.swift */ = {isa = PBXFileReference; fileEncoding = 4; lastKnownFileType = sourcecode.swift; path = WelcomeView.swift; sourceTree = "<group>"; };
		B709682A2782CDB0001B0884 /* ControlsView.swift */ = {isa = PBXFileReference; fileEncoding = 4; lastKnownFileType = sourcecode.swift; path = ControlsView.swift; sourceTree = "<group>"; };
		B709682B2782CDB0001B0884 /* ResultsViewModel.swift */ = {isa = PBXFileReference; fileEncoding = 4; lastKnownFileType = sourcecode.swift; path = ResultsViewModel.swift; sourceTree = "<group>"; };
		B712F9C9277D6DE000E7A3BD /* LottieView.swift */ = {isa = PBXFileReference; lastKnownFileType = sourcecode.swift; path = LottieView.swift; sourceTree = "<group>"; };
		B712F9CB277D6F9300E7A3BD /* fireworks.json */ = {isa = PBXFileReference; fileEncoding = 4; lastKnownFileType = text.json; path = fireworks.json; sourceTree = "<group>"; };
		B713F469278BC36C0040E6A4 /* CardFlipTutorial.swift */ = {isa = PBXFileReference; lastKnownFileType = sourcecode.swift; path = CardFlipTutorial.swift; sourceTree = "<group>"; };
		B713F46B278BC3C70040E6A4 /* Flashcard.swift */ = {isa = PBXFileReference; lastKnownFileType = sourcecode.swift; name = Flashcard.swift; path = Shared/ds/View/Flashcard.swift; sourceTree = SOURCE_ROOT; };
		B713F46D278BC7E50040E6A4 /* click.json */ = {isa = PBXFileReference; fileEncoding = 4; lastKnownFileType = text.json; path = click.json; sourceTree = "<group>"; };
		B713F46E278BC7E60040E6A4 /* arrow.json */ = {isa = PBXFileReference; fileEncoding = 4; lastKnownFileType = text.json; path = arrow.json; sourceTree = "<group>"; };
		B713F471278BD7050040E6A4 /* CardMemory.swift */ = {isa = PBXFileReference; lastKnownFileType = sourcecode.swift; path = CardMemory.swift; sourceTree = "<group>"; };
		B71FAB1F277D41EC00957C5B /* Extension+Color.swift */ = {isa = PBXFileReference; lastKnownFileType = sourcecode.swift; path = "Extension+Color.swift"; sourceTree = "<group>"; };
		B733B2C1278673CB0011C68F /* AnimatableModifierDouble.swift */ = {isa = PBXFileReference; lastKnownFileType = sourcecode.swift; path = AnimatableModifierDouble.swift; sourceTree = "<group>"; };
		B74B45BD278D96E2001140D9 /* Extension+View.swift */ = {isa = PBXFileReference; lastKnownFileType = sourcecode.swift; path = "Extension+View.swift"; sourceTree = "<group>"; };
		B774CEFB277BECC900A9B368 /* MiniGame.swift */ = {isa = PBXFileReference; lastKnownFileType = sourcecode.swift; path = MiniGame.swift; sourceTree = "<group>"; };
		B774CF00277BEDD500A9B368 /* MiniGameVM.swift */ = {isa = PBXFileReference; lastKnownFileType = sourcecode.swift; path = MiniGameVM.swift; sourceTree = "<group>"; };
		B777307927851BA000123DAD /* CardFlip.swift */ = {isa = PBXFileReference; lastKnownFileType = sourcecode.swift; path = CardFlip.swift; sourceTree = "<group>"; };
		B777307B27851FD800123DAD /* CardFlipVM.swift */ = {isa = PBXFileReference; lastKnownFileType = sourcecode.swift; path = CardFlipVM.swift; sourceTree = "<group>"; };
		B7D7607D277D985600D50AFA /* minigame2.swift */ = {isa = PBXFileReference; lastKnownFileType = sourcecode.swift; path = minigame2.swift; sourceTree = "<group>"; };
		B7DB0B99279E4AAC002A8C2C /* GodoB.ttf */ = {isa = PBXFileReference; lastKnownFileType = file; path = GodoB.ttf; sourceTree = "<group>"; };
		B7DB0B9A279E4AAC002A8C2C /* GodoM.ttf */ = {isa = PBXFileReference; lastKnownFileType = file; path = GodoM.ttf; sourceTree = "<group>"; };
		B7DB0B9F279E82D5002A8C2C /* plant.json */ = {isa = PBXFileReference; fileEncoding = 4; lastKnownFileType = text.json; path = plant.json; sourceTree = "<group>"; };
		B7DB0BA1279E85A2002A8C2C /* fox.json */ = {isa = PBXFileReference; fileEncoding = 4; lastKnownFileType = text.json; path = fox.json; sourceTree = "<group>"; };
		D08E710964522B10A991B9E6 /* Pods_Morize__macOS_.framework */ = {isa = PBXFileReference; explicitFileType = wrapper.framework; includeInIndex = 0; path = Pods_Morize__macOS_.framework; sourceTree = BUILT_PRODUCTS_DIR; };
		F70721CA27967F7200C6E549 /* MorizeTests.xctest */ = {isa = PBXFileReference; explicitFileType = wrapper.cfbundle; includeInIndex = 0; path = MorizeTests.xctest; sourceTree = BUILT_PRODUCTS_DIR; };
		F70721CC27967F7200C6E549 /* MorizeTests.swift */ = {isa = PBXFileReference; lastKnownFileType = sourcecode.swift; path = MorizeTests.swift; sourceTree = "<group>"; };
		F79D02EA279003EF008A43D6 /* Timmer.swift */ = {isa = PBXFileReference; lastKnownFileType = sourcecode.swift; path = Timmer.swift; sourceTree = "<group>"; };
		F7AB7CE6278BB42D0039989F /* Middle.swift */ = {isa = PBXFileReference; lastKnownFileType = sourcecode.swift; path = Middle.swift; sourceTree = "<group>"; };
		F7AB7CEF278BF91E0039989F /* High.swift */ = {isa = PBXFileReference; lastKnownFileType = sourcecode.swift; path = High.swift; sourceTree = "<group>"; };
		F7AB7CF2278BF92A0039989F /* Toeic.swift */ = {isa = PBXFileReference; lastKnownFileType = sourcecode.swift; path = Toeic.swift; sourceTree = "<group>"; };
		F7AE674927867D5F007D62FF /* MiddleWord.swift */ = {isa = PBXFileReference; lastKnownFileType = sourcecode.swift; path = MiddleWord.swift; sourceTree = "<group>"; };
		F7AE674C27867F0E007D62FF /* HighWord.swift */ = {isa = PBXFileReference; lastKnownFileType = sourcecode.swift; path = HighWord.swift; sourceTree = "<group>"; };
		F7AE674F27867F3B007D62FF /* ToeicWord.swift */ = {isa = PBXFileReference; lastKnownFileType = sourcecode.swift; path = ToeicWord.swift; sourceTree = "<group>"; };
		F7F7E130278415BB008FF432 /* WordList.swift */ = {isa = PBXFileReference; lastKnownFileType = sourcecode.swift; path = WordList.swift; sourceTree = "<group>"; };
/* End PBXFileReference section */

/* Begin PBXFrameworksBuildPhase section */
		2A3017C0277AA5FC00369590 /* Frameworks */ = {
			isa = PBXFrameworksBuildPhase;
			buildActionMask = 2147483647;
			files = (
				B712F9C7277D6D8700E7A3BD /* Lottie in Frameworks */,
				7812AEF9A4236C0933D20A63 /* Pods_Morize__iOS_.framework in Frameworks */,
			);
			runOnlyForDeploymentPostprocessing = 0;
		};
		2A3017C6277AA5FC00369590 /* Frameworks */ = {
			isa = PBXFrameworksBuildPhase;
			buildActionMask = 2147483647;
			files = (
				2A7C84A37C0872D77AEFE627 /* Pods_Morize__macOS_.framework in Frameworks */,
			);
			runOnlyForDeploymentPostprocessing = 0;
		};
		2A3017CD277AA5FC00369590 /* Frameworks */ = {
			isa = PBXFrameworksBuildPhase;
			buildActionMask = 2147483647;
			files = (
			);
			runOnlyForDeploymentPostprocessing = 0;
		};
		2A3017D9277AA5FC00369590 /* Frameworks */ = {
			isa = PBXFrameworksBuildPhase;
			buildActionMask = 2147483647;
			files = (
			);
			runOnlyForDeploymentPostprocessing = 0;
		};
		F70721C727967F7200C6E549 /* Frameworks */ = {
			isa = PBXFrameworksBuildPhase;
			buildActionMask = 2147483647;
			files = (
			);
			runOnlyForDeploymentPostprocessing = 0;
		};
/* End PBXFrameworksBuildPhase section */

/* Begin PBXGroup section */
		2A3017B6277AA5F900369590 = {
			isa = PBXGroup;
			children = (
				2AEA85B4278FCAB600BE96D9 /* Morize (iOS).entitlements */,
				2A6A3791278671880068DD0B /* Morize--iOS--Info.plist */,
				2A3017BB277AA5FA00369590 /* Shared */,
				2A3017CA277AA5FC00369590 /* macOS */,
				2A3017D3277AA5FC00369590 /* Tests iOS */,
				2A3017DF277AA5FC00369590 /* Tests macOS */,
				F70721CB27967F7200C6E549 /* MorizeTests */,
				2A3017C4277AA5FC00369590 /* Products */,
				660DB6B6E904C437F53A2D48 /* Pods */,
				8AE4B96E6A49472505845744 /* Frameworks */,
			);
			sourceTree = "<group>";
		};
		2A3017BB277AA5FA00369590 /* Shared */ = {
			isa = PBXGroup;
			children = (
				B7DB0B98279E4A8F002A8C2C /* Fonts */,
				B709681E2782CDB0001B0884 /* jh */,
				B7D7607C277D984800D50AFA /* haeun */,
				B71FAB1E277D41AB00957C5B /* Utill */,
				B774CEFA277BECAD00A9B368 /* ds */,
				2A3017BC277AA5FA00369590 /* MorizeApp.swift */,
				2A3017BD277AA5FA00369590 /* ContentView.swift */,
				2A3017BE277AA5FC00369590 /* Assets.xcassets */,
			);
			path = Shared;
			sourceTree = "<group>";
		};
		2A3017C4277AA5FC00369590 /* Products */ = {
			isa = PBXGroup;
			children = (
				2A3017C3277AA5FC00369590 /* Morize.app */,
				2A3017C9277AA5FC00369590 /* Morize.app */,
				2A3017D0277AA5FC00369590 /* Tests iOS.xctest */,
				2A3017DC277AA5FC00369590 /* Tests macOS.xctest */,
				F70721CA27967F7200C6E549 /* MorizeTests.xctest */,
			);
			name = Products;
			sourceTree = "<group>";
		};
		2A3017CA277AA5FC00369590 /* macOS */ = {
			isa = PBXGroup;
			children = (
				2A3017CB277AA5FC00369590 /* macOS.entitlements */,
			);
			path = macOS;
			sourceTree = "<group>";
		};
		2A3017D3277AA5FC00369590 /* Tests iOS */ = {
			isa = PBXGroup;
			children = (
				2A3017D4277AA5FC00369590 /* Tests_iOS.swift */,
				2A3017D6277AA5FC00369590 /* Tests_iOSLaunchTests.swift */,
			);
			path = "Tests iOS";
			sourceTree = "<group>";
		};
		2A3017DF277AA5FC00369590 /* Tests macOS */ = {
			isa = PBXGroup;
			children = (
				2A3017E0277AA5FC00369590 /* Tests_macOS.swift */,
				2A3017E2277AA5FC00369590 /* Tests_macOSLaunchTests.swift */,
			);
			path = "Tests macOS";
			sourceTree = "<group>";
		};
		2A3C59EA2785268C0005865D /* LoginView */ = {
			isa = PBXGroup;
			children = (
				2A3C59ED278526BD0005865D /* LoginView.swift */,
				2A6A37922786727B0068DD0B /* AppDelegate.swift */,
				2AD35960278E9DEA00A13F5B /* GoogleDelegate.swift */,
				2AEA85B92790058C00BE96D9 /* AppleDelegate.swift */,
			);
			path = LoginView;
			sourceTree = "<group>";
		};
		2A3C59FE2785327B0005865D /* TabView */ = {
			isa = PBXGroup;
			children = (
				2AD8C86B279113D40096B483 /* NotificationView.swift */,
				2A3C59FB278530510005865D /* MiniGameView.swift */,
				2A3C59F9278530410005865D /* WordListView.swift */,
				2A3C59F5278530150005865D /* WordView.swift */,
				2A3C59FF278534510005865D /* TabViewSetting.swift */,
				2AD8C8672791126C0096B483 /* WordSelectView.swift */,
			);
			path = TabView;
			sourceTree = "<group>";
		};
		2AB978EF279E346D00330676 /* SettingView */ = {
			isa = PBXGroup;
			children = (
				2AD8C869279113BF0096B483 /* SettingView.swift */,
				2A3AF3A3279E38EB0020DC74 /* NoticeView.swift */,
				2A3AF3A0279E38B00020DC74 /* AccountManagement.swift */,
				2A3AF3A6279E39180020DC74 /* iCloudDataView.swift */,
				2A3AF3A9279E39270020DC74 /* CSVDataView.swift */,
				2A3AF3AC279E39AF0020DC74 /* FAQView.swift */,
				2A3AF3AF279E39EB0020DC74 /* SendEmail.swift */,
			);
			path = SettingView;
			sourceTree = "<group>";
		};
		2AD3595B278E8A5F00A13F5B /* DTO */ = {
			isa = PBXGroup;
			children = (
				2AD3595C278E8AAB00A13F5B /* UserInfo.swift */,
				2A7DB83627AAB9BA004D4C0D /* ComposeMailData.swift */,
			);
			path = DTO;
			sourceTree = "<group>";
		};
		660DB6B6E904C437F53A2D48 /* Pods */ = {
			isa = PBXGroup;
			children = (
				3CC5EE289EDDEB2E4A9D8C4F /* Pods-Morize (iOS).debug.xcconfig */,
				AB332727A5833889AE29007F /* Pods-Morize (iOS).release.xcconfig */,
				8980DC06CA9105AA41A0F6A5 /* Pods-Morize (macOS).debug.xcconfig */,
				25D9DB5502EB0EB628DE1CF9 /* Pods-Morize (macOS).release.xcconfig */,
			);
			path = Pods;
			sourceTree = "<group>";
		};
		8AE4B96E6A49472505845744 /* Frameworks */ = {
			isa = PBXGroup;
			children = (
				32AA951ACD747BC6C5B669C9 /* Pods_Morize__iOS_.framework */,
				D08E710964522B10A991B9E6 /* Pods_Morize__macOS_.framework */,
			);
			name = Frameworks;
			sourceTree = "<group>";
		};
		B709681E2782CDB0001B0884 /* jh */ = {
			isa = PBXGroup;
			children = (
				F7F7E12F2784155D008FF432 /* ViewModels */,
				F7F7E12E2784153F008FF432 /* Models */,
				B70968222782CDB0001B0884 /* MyTimer.swift */,
				B70968242782CDB0001B0884 /* Views */,
			);
			name = jh;
			path = Shared/jh;
			sourceTree = SOURCE_ROOT;
		};
		B70968242782CDB0001B0884 /* Views */ = {
			isa = PBXGroup;
			children = (
				B70968252782CDB0001B0884 /* MainTabView.swift */,
				B70968262782CDB0001B0884 /* BottomText.swift */,
				B70968272782CDB0001B0884 /* TimerGame.swift */,
				B70968282782CDB0001B0884 /* ResultsView.swift */,
				B70968292782CDB0001B0884 /* WelcomeView.swift */,
				B709682A2782CDB0001B0884 /* ControlsView.swift */,
				F7F7E130278415BB008FF432 /* WordList.swift */,
				F7AE674927867D5F007D62FF /* MiddleWord.swift */,
				F7AE674C27867F0E007D62FF /* HighWord.swift */,
				F7AE674F27867F3B007D62FF /* ToeicWord.swift */,
				F79D02EA279003EF008A43D6 /* Timmer.swift */,
			);
			path = Views;
			sourceTree = "<group>";
		};
		B712F9C8277D6DD500E7A3BD /* Animation */ = {
			isa = PBXGroup;
			children = (
				B712F9CB277D6F9300E7A3BD /* fireworks.json */,
				B7DB0B9F279E82D5002A8C2C /* plant.json */,
				B7DB0BA1279E85A2002A8C2C /* fox.json */,
				B713F46E278BC7E60040E6A4 /* arrow.json */,
				B713F46D278BC7E50040E6A4 /* click.json */,
				B712F9C9277D6DE000E7A3BD /* LottieView.swift */,
			);
			path = Animation;
			sourceTree = "<group>";
		};
		B71FAB1E277D41AB00957C5B /* Utill */ = {
			isa = PBXGroup;
			children = (
				B71FAB1F277D41EC00957C5B /* Extension+Color.swift */,
				B733B2C1278673CB0011C68F /* AnimatableModifierDouble.swift */,
				B74B45BD278D96E2001140D9 /* Extension+View.swift */,
			);
			path = Utill;
			sourceTree = "<group>";
		};
		B774CEFA277BECAD00A9B368 /* ds */ = {
			isa = PBXGroup;
			children = (
				B712F9C8277D6DD500E7A3BD /* Animation */,
				B774CEFF277BECEF00A9B368 /* Model */,
				B774CEFE277BECE200A9B368 /* ViewModel */,
				B774CEFD277BECDA00A9B368 /* View */,
			);
			path = ds;
			sourceTree = "<group>";
		};
		B774CEFD277BECDA00A9B368 /* View */ = {
			isa = PBXGroup;
			children = (
				B774CEFB277BECC900A9B368 /* MiniGame.swift */,
				B777307927851BA000123DAD /* CardFlip.swift */,
				B713F469278BC36C0040E6A4 /* CardFlipTutorial.swift */,
				B713F471278BD7050040E6A4 /* CardMemory.swift */,
			);
			path = View;
			sourceTree = "<group>";
		};
		B774CEFE277BECE200A9B368 /* ViewModel */ = {
			isa = PBXGroup;
			children = (
				B774CF00277BEDD500A9B368 /* MiniGameVM.swift */,
				B777307B27851FD800123DAD /* CardFlipVM.swift */,
			);
			path = ViewModel;
			sourceTree = "<group>";
		};
		B774CEFF277BECEF00A9B368 /* Model */ = {
			isa = PBXGroup;
			children = (
				B713F46B278BC3C70040E6A4 /* Flashcard.swift */,
			);
			path = Model;
			sourceTree = "<group>";
		};
		B7D7607C277D984800D50AFA /* haeun */ = {
			isa = PBXGroup;
			children = (
				2AB978EF279E346D00330676 /* SettingView */,
				2AD3595B278E8A5F00A13F5B /* DTO */,
				2A3C59EA2785268C0005865D /* LoginView */,
				B7D7607D277D985600D50AFA /* minigame2.swift */,
				2A3C59FE2785327B0005865D /* TabView */,
			);
			path = haeun;
			sourceTree = "<group>";
		};
		B7DB0B98279E4A8F002A8C2C /* Fonts */ = {
			isa = PBXGroup;
			children = (
				B7DB0B99279E4AAC002A8C2C /* GodoB.ttf */,
				B7DB0B9A279E4AAC002A8C2C /* GodoM.ttf */,
			);
			path = Fonts;
			sourceTree = "<group>";
		};
		F70721CB27967F7200C6E549 /* MorizeTests */ = {
			isa = PBXGroup;
			children = (
				F70721CC27967F7200C6E549 /* MorizeTests.swift */,
			);
			path = MorizeTests;
			sourceTree = "<group>";
		};
		F7F7E12E2784153F008FF432 /* Models */ = {
			isa = PBXGroup;
			children = (
				B70968212782CDB0001B0884 /* Question.swift */,
				B709681F2782CDB0001B0884 /* Game.swift */,
				F7AB7CE6278BB42D0039989F /* Middle.swift */,
				F7AB7CEF278BF91E0039989F /* High.swift */,
				F7AB7CF2278BF92A0039989F /* Toeic.swift */,
			);
			path = Models;
			sourceTree = "<group>";
		};
		F7F7E12F2784155D008FF432 /* ViewModels */ = {
			isa = PBXGroup;
			children = (
				B709682B2782CDB0001B0884 /* ResultsViewModel.swift */,
				B70968232782CDB0001B0884 /* GameViewModel.swift */,
				B70968202782CDB0001B0884 /* GameColor.swift */,
			);
			path = ViewModels;
			sourceTree = "<group>";
		};
/* End PBXGroup section */

/* Begin PBXNativeTarget section */
		2A3017C2277AA5FC00369590 /* Morize (iOS) */ = {
			isa = PBXNativeTarget;
			buildConfigurationList = 2A3017EC277AA5FC00369590 /* Build configuration list for PBXNativeTarget "Morize (iOS)" */;
			buildPhases = (
				DBDD764A95452C7E95E8D357 /* [CP] Check Pods Manifest.lock */,
				2A3017BF277AA5FC00369590 /* Sources */,
				2A3017C0277AA5FC00369590 /* Frameworks */,
				2A3017C1277AA5FC00369590 /* Resources */,
				3853A92E5CB8EB4AD2F1E3E6 /* [CP] Embed Pods Frameworks */,
			);
			buildRules = (
			);
			dependencies = (
			);
			name = "Morize (iOS)";
			packageProductDependencies = (
				B712F9C6277D6D8700E7A3BD /* Lottie */,
			);
			productName = "Morize (iOS)";
			productReference = 2A3017C3277AA5FC00369590 /* Morize.app */;
			productType = "com.apple.product-type.application";
		};
		2A3017C8277AA5FC00369590 /* Morize (macOS) */ = {
			isa = PBXNativeTarget;
			buildConfigurationList = 2A3017EF277AA5FC00369590 /* Build configuration list for PBXNativeTarget "Morize (macOS)" */;
			buildPhases = (
				BEDD80140DB696F038931E29 /* [CP] Check Pods Manifest.lock */,
				2A3017C5277AA5FC00369590 /* Sources */,
				2A3017C6277AA5FC00369590 /* Frameworks */,
				2A3017C7277AA5FC00369590 /* Resources */,
				72934FA25CE3E576C74061C9 /* [CP] Embed Pods Frameworks */,
			);
			buildRules = (
			);
			dependencies = (
			);
			name = "Morize (macOS)";
			productName = "Morize (macOS)";
			productReference = 2A3017C9277AA5FC00369590 /* Morize.app */;
			productType = "com.apple.product-type.application";
		};
		2A3017CF277AA5FC00369590 /* Tests iOS */ = {
			isa = PBXNativeTarget;
			buildConfigurationList = 2A3017F2277AA5FC00369590 /* Build configuration list for PBXNativeTarget "Tests iOS" */;
			buildPhases = (
				2A3017CC277AA5FC00369590 /* Sources */,
				2A3017CD277AA5FC00369590 /* Frameworks */,
				2A3017CE277AA5FC00369590 /* Resources */,
			);
			buildRules = (
			);
			dependencies = (
				2A3017D2277AA5FC00369590 /* PBXTargetDependency */,
			);
			name = "Tests iOS";
			productName = "Tests iOS";
			productReference = 2A3017D0277AA5FC00369590 /* Tests iOS.xctest */;
			productType = "com.apple.product-type.bundle.ui-testing";
		};
		2A3017DB277AA5FC00369590 /* Tests macOS */ = {
			isa = PBXNativeTarget;
			buildConfigurationList = 2A3017F5277AA5FC00369590 /* Build configuration list for PBXNativeTarget "Tests macOS" */;
			buildPhases = (
				2A3017D8277AA5FC00369590 /* Sources */,
				2A3017D9277AA5FC00369590 /* Frameworks */,
				2A3017DA277AA5FC00369590 /* Resources */,
			);
			buildRules = (
			);
			dependencies = (
				2A3017DE277AA5FC00369590 /* PBXTargetDependency */,
			);
			name = "Tests macOS";
			productName = "Tests macOS";
			productReference = 2A3017DC277AA5FC00369590 /* Tests macOS.xctest */;
			productType = "com.apple.product-type.bundle.ui-testing";
		};
		F70721C927967F7200C6E549 /* MorizeTests */ = {
			isa = PBXNativeTarget;
			buildConfigurationList = F70721D227967F7200C6E549 /* Build configuration list for PBXNativeTarget "MorizeTests" */;
			buildPhases = (
				F70721C627967F7200C6E549 /* Sources */,
				F70721C727967F7200C6E549 /* Frameworks */,
				F70721C827967F7200C6E549 /* Resources */,
			);
			buildRules = (
			);
			dependencies = (
				F70721CF27967F7200C6E549 /* PBXTargetDependency */,
			);
			name = MorizeTests;
			productName = MorizeTests;
			productReference = F70721CA27967F7200C6E549 /* MorizeTests.xctest */;
			productType = "com.apple.product-type.bundle.unit-test";
		};
/* End PBXNativeTarget section */

/* Begin PBXProject section */
		2A3017B7277AA5F900369590 /* Project object */ = {
			isa = PBXProject;
			attributes = {
				BuildIndependentTargetsInParallel = 1;
				LastSwiftUpdateCheck = 1320;
				LastUpgradeCheck = 1320;
				TargetAttributes = {
					2A3017C2277AA5FC00369590 = {
						CreatedOnToolsVersion = 13.2.1;
					};
					2A3017C8277AA5FC00369590 = {
						CreatedOnToolsVersion = 13.2.1;
					};
					2A3017CF277AA5FC00369590 = {
						CreatedOnToolsVersion = 13.2.1;
						TestTargetID = 2A3017C2277AA5FC00369590;
					};
					2A3017DB277AA5FC00369590 = {
						CreatedOnToolsVersion = 13.2.1;
						TestTargetID = 2A3017C8277AA5FC00369590;
					};
					F70721C927967F7200C6E549 = {
						CreatedOnToolsVersion = 13.2.1;
						TestTargetID = 2A3017C2277AA5FC00369590;
					};
				};
			};
			buildConfigurationList = 2A3017BA277AA5F900369590 /* Build configuration list for PBXProject "Morize" */;
			compatibilityVersion = "Xcode 13.0";
			developmentRegion = en;
			hasScannedForEncodings = 0;
			knownRegions = (
				en,
				Base,
			);
			mainGroup = 2A3017B6277AA5F900369590;
			packageReferences = (
				B712F9C5277D6D8700E7A3BD /* XCRemoteSwiftPackageReference "lottie-ios" */,
			);
			productRefGroup = 2A3017C4277AA5FC00369590 /* Products */;
			projectDirPath = "";
			projectRoot = "";
			targets = (
				2A3017C2277AA5FC00369590 /* Morize (iOS) */,
				2A3017C8277AA5FC00369590 /* Morize (macOS) */,
				2A3017CF277AA5FC00369590 /* Tests iOS */,
				2A3017DB277AA5FC00369590 /* Tests macOS */,
				F70721C927967F7200C6E549 /* MorizeTests */,
			);
		};
/* End PBXProject section */

/* Begin PBXResourcesBuildPhase section */
		2A3017C1277AA5FC00369590 /* Resources */ = {
			isa = PBXResourcesBuildPhase;
			buildActionMask = 2147483647;
			files = (
				B713F46F278BC7E60040E6A4 /* click.json in Resources */,
				B7DB0B9C279E4AAC002A8C2C /* GodoM.ttf in Resources */,
				B713F470278BC7E60040E6A4 /* arrow.json in Resources */,
				B7DB0BA2279E85A2002A8C2C /* fox.json in Resources */,
				B7DB0BA0279E82D6002A8C2C /* plant.json in Resources */,
				B712F9CC277D6F9300E7A3BD /* fireworks.json in Resources */,
				B7DB0B9B279E4AAC002A8C2C /* GodoB.ttf in Resources */,
				2A3017E8277AA5FC00369590 /* Assets.xcassets in Resources */,
			);
			runOnlyForDeploymentPostprocessing = 0;
		};
		2A3017C7277AA5FC00369590 /* Resources */ = {
			isa = PBXResourcesBuildPhase;
			buildActionMask = 2147483647;
			files = (
				2A3017E9277AA5FC00369590 /* Assets.xcassets in Resources */,
			);
			runOnlyForDeploymentPostprocessing = 0;
		};
		2A3017CE277AA5FC00369590 /* Resources */ = {
			isa = PBXResourcesBuildPhase;
			buildActionMask = 2147483647;
			files = (
			);
			runOnlyForDeploymentPostprocessing = 0;
		};
		2A3017DA277AA5FC00369590 /* Resources */ = {
			isa = PBXResourcesBuildPhase;
			buildActionMask = 2147483647;
			files = (
			);
			runOnlyForDeploymentPostprocessing = 0;
		};
		F70721C827967F7200C6E549 /* Resources */ = {
			isa = PBXResourcesBuildPhase;
			buildActionMask = 2147483647;
			files = (
			);
			runOnlyForDeploymentPostprocessing = 0;
		};
/* End PBXResourcesBuildPhase section */

/* Begin PBXShellScriptBuildPhase section */
		3853A92E5CB8EB4AD2F1E3E6 /* [CP] Embed Pods Frameworks */ = {
			isa = PBXShellScriptBuildPhase;
			buildActionMask = 2147483647;
			files = (
			);
			inputFileListPaths = (
				"${PODS_ROOT}/Target Support Files/Pods-Morize (iOS)/Pods-Morize (iOS)-frameworks-${CONFIGURATION}-input-files.xcfilelist",
			);
			name = "[CP] Embed Pods Frameworks";
			outputFileListPaths = (
				"${PODS_ROOT}/Target Support Files/Pods-Morize (iOS)/Pods-Morize (iOS)-frameworks-${CONFIGURATION}-output-files.xcfilelist",
			);
			runOnlyForDeploymentPostprocessing = 0;
			shellPath = /bin/sh;
			shellScript = "\"${PODS_ROOT}/Target Support Files/Pods-Morize (iOS)/Pods-Morize (iOS)-frameworks.sh\"\n";
			showEnvVarsInLog = 0;
		};
		72934FA25CE3E576C74061C9 /* [CP] Embed Pods Frameworks */ = {
			isa = PBXShellScriptBuildPhase;
			buildActionMask = 2147483647;
			files = (
			);
			inputFileListPaths = (
				"${PODS_ROOT}/Target Support Files/Pods-Morize (macOS)/Pods-Morize (macOS)-frameworks-${CONFIGURATION}-input-files.xcfilelist",
			);
			name = "[CP] Embed Pods Frameworks";
			outputFileListPaths = (
				"${PODS_ROOT}/Target Support Files/Pods-Morize (macOS)/Pods-Morize (macOS)-frameworks-${CONFIGURATION}-output-files.xcfilelist",
			);
			runOnlyForDeploymentPostprocessing = 0;
			shellPath = /bin/sh;
			shellScript = "\"${PODS_ROOT}/Target Support Files/Pods-Morize (macOS)/Pods-Morize (macOS)-frameworks.sh\"\n";
			showEnvVarsInLog = 0;
		};
		BEDD80140DB696F038931E29 /* [CP] Check Pods Manifest.lock */ = {
			isa = PBXShellScriptBuildPhase;
			buildActionMask = 2147483647;
			files = (
			);
			inputFileListPaths = (
			);
			inputPaths = (
				"${PODS_PODFILE_DIR_PATH}/Podfile.lock",
				"${PODS_ROOT}/Manifest.lock",
			);
			name = "[CP] Check Pods Manifest.lock";
			outputFileListPaths = (
			);
			outputPaths = (
				"$(DERIVED_FILE_DIR)/Pods-Morize (macOS)-checkManifestLockResult.txt",
			);
			runOnlyForDeploymentPostprocessing = 0;
			shellPath = /bin/sh;
			shellScript = "diff \"${PODS_PODFILE_DIR_PATH}/Podfile.lock\" \"${PODS_ROOT}/Manifest.lock\" > /dev/null\nif [ $? != 0 ] ; then\n    # print error to STDERR\n    echo \"error: The sandbox is not in sync with the Podfile.lock. Run 'pod install' or update your CocoaPods installation.\" >&2\n    exit 1\nfi\n# This output is used by Xcode 'outputs' to avoid re-running this script phase.\necho \"SUCCESS\" > \"${SCRIPT_OUTPUT_FILE_0}\"\n";
			showEnvVarsInLog = 0;
		};
		DBDD764A95452C7E95E8D357 /* [CP] Check Pods Manifest.lock */ = {
			isa = PBXShellScriptBuildPhase;
			buildActionMask = 2147483647;
			files = (
			);
			inputFileListPaths = (
			);
			inputPaths = (
				"${PODS_PODFILE_DIR_PATH}/Podfile.lock",
				"${PODS_ROOT}/Manifest.lock",
			);
			name = "[CP] Check Pods Manifest.lock";
			outputFileListPaths = (
			);
			outputPaths = (
				"$(DERIVED_FILE_DIR)/Pods-Morize (iOS)-checkManifestLockResult.txt",
			);
			runOnlyForDeploymentPostprocessing = 0;
			shellPath = /bin/sh;
			shellScript = "diff \"${PODS_PODFILE_DIR_PATH}/Podfile.lock\" \"${PODS_ROOT}/Manifest.lock\" > /dev/null\nif [ $? != 0 ] ; then\n    # print error to STDERR\n    echo \"error: The sandbox is not in sync with the Podfile.lock. Run 'pod install' or update your CocoaPods installation.\" >&2\n    exit 1\nfi\n# This output is used by Xcode 'outputs' to avoid re-running this script phase.\necho \"SUCCESS\" > \"${SCRIPT_OUTPUT_FILE_0}\"\n";
			showEnvVarsInLog = 0;
		};
/* End PBXShellScriptBuildPhase section */

/* Begin PBXSourcesBuildPhase section */
		2A3017BF277AA5FC00369590 /* Sources */ = {
			isa = PBXSourcesBuildPhase;
			buildActionMask = 2147483647;
			files = (
				B777307C27851FD800123DAD /* CardFlipVM.swift in Sources */,
				B70968342782CDB0001B0884 /* GameViewModel.swift in Sources */,
				2AD8C8682791126C0096B483 /* WordSelectView.swift in Sources */,
				B70968382782CDB0001B0884 /* BottomText.swift in Sources */,
				2A3AF3A7279E39180020DC74 /* iCloudDataView.swift in Sources */,
				2AD8C86A279113BF0096B483 /* SettingView.swift in Sources */,
				B774CEFC277BECC900A9B368 /* MiniGame.swift in Sources */,
				B74B45BE278D96E2001140D9 /* Extension+View.swift in Sources */,
				B774CF01277BEDD500A9B368 /* MiniGameVM.swift in Sources */,
				2A903A6027969B1B00DB774A /* ToeicWord.swift in Sources */,
				2A903A5D27969AE600DB774A /* AppDelegate.swift in Sources */,
				2A3AF3B0279E39EB0020DC74 /* SendEmail.swift in Sources */,
				B733B2C2278673CB0011C68F /* AnimatableModifierDouble.swift in Sources */,
				B71FAB20277D41EC00957C5B /* Extension+Color.swift in Sources */,
				B709683E2782CDB0001B0884 /* WelcomeView.swift in Sources */,
				2A903A5F27969B1000DB774A /* High.swift in Sources */,
				B7D7607E277D985600D50AFA /* minigame2.swift in Sources */,
				B709682E2782CDB0001B0884 /* GameColor.swift in Sources */,
				2A903A6227969B2700DB774A /* WordView.swift in Sources */,
				B70968302782CDB0001B0884 /* Question.swift in Sources */,
				F79D02EB279003EF008A43D6 /* Timmer.swift in Sources */,
				F7F7E131278415BB008FF432 /* WordList.swift in Sources */,
				2A3AF3AA279E39270020DC74 /* CSVDataView.swift in Sources */,
				B70968362782CDB0001B0884 /* MainTabView.swift in Sources */,
				B70968402782CDB0001B0884 /* ControlsView.swift in Sources */,
				B709683C2782CDB0001B0884 /* ResultsView.swift in Sources */,
				2A7DB83727AAB9BA004D4C0D /* ComposeMailData.swift in Sources */,
				B713F46A278BC36C0040E6A4 /* CardFlipTutorial.swift in Sources */,
				2A3AF3A4279E38EB0020DC74 /* NoticeView.swift in Sources */,
				2A3017E6277AA5FC00369590 /* ContentView.swift in Sources */,
				2A3C59FA278530410005865D /* WordListView.swift in Sources */,
				B713F46C278BC3C70040E6A4 /* Flashcard.swift in Sources */,
				B709683A2782CDB0001B0884 /* TimerGame.swift in Sources */,
				2AD35961278E9DEA00A13F5B /* GoogleDelegate.swift in Sources */,
				2A3C5A00278534510005865D /* TabViewSetting.swift in Sources */,
				B777307A27851BA000123DAD /* CardFlip.swift in Sources */,
				2A3017E4277AA5FC00369590 /* MorizeApp.swift in Sources */,
				B712F9CA277D6DE000E7A3BD /* LottieView.swift in Sources */,
				F7AB7CF3278BF92A0039989F /* Toeic.swift in Sources */,
				2A903A6427969B4100DB774A /* Middle.swift in Sources */,
				F7AE674A27867D5F007D62FF /* MiddleWord.swift in Sources */,
				B709682C2782CDB0001B0884 /* Game.swift in Sources */,
				2A3AF3AD279E39AF0020DC74 /* FAQView.swift in Sources */,
				F7AE674D27867F0E007D62FF /* HighWord.swift in Sources */,
				B70968422782CDB0001B0884 /* ResultsViewModel.swift in Sources */,
				2A903A6D27969B9900DB774A /* MiniGameView.swift in Sources */,
				2A3C59EE278526BD0005865D /* LoginView.swift in Sources */,
				B713F472278BD7050040E6A4 /* CardMemory.swift in Sources */,
				2AEA85BA2790058C00BE96D9 /* AppleDelegate.swift in Sources */,
				2A3AF3A1279E38B00020DC74 /* AccountManagement.swift in Sources */,
				2AD3595D278E8AAB00A13F5B /* UserInfo.swift in Sources */,
				B70968322782CDB0001B0884 /* MyTimer.swift in Sources */,
				2A903A6A27969B9200DB774A /* NotificationView.swift in Sources */,
			);
			runOnlyForDeploymentPostprocessing = 0;
		};
		2A3017C5277AA5FC00369590 /* Sources */ = {
			isa = PBXSourcesBuildPhase;
			buildActionMask = 2147483647;
			files = (
				B70968312782CDB0001B0884 /* Question.swift in Sources */,
				B70968432782CDB0001B0884 /* ResultsViewModel.swift in Sources */,
				2A903A6F27969B9C00DB774A /* WordListView.swift in Sources */,
				2A3AF3AE279E39AF0020DC74 /* FAQView.swift in Sources */,
				B70968332782CDB0001B0884 /* MyTimer.swift in Sources */,
				F7AE674B27867D5F007D62FF /* MiddleWord.swift in Sources */,
				2A903A6E27969B9900DB774A /* MiniGameView.swift in Sources */,
				F7AB7CE8278BB42E0039989F /* Middle.swift in Sources */,
				2A3AF3B1279E39EB0020DC74 /* SendEmail.swift in Sources */,
				2A903A6C27969B9500DB774A /* SettingView.swift in Sources */,
				2A3017E7277AA5FC00369590 /* ContentView.swift in Sources */,
				B70968372782CDB0001B0884 /* MainTabView.swift in Sources */,
				2A903A7027969BA200DB774A /* WordSelectView.swift in Sources */,
				2A903A6B27969B9300DB774A /* NotificationView.swift in Sources */,
				2A3AF3A8279E39180020DC74 /* iCloudDataView.swift in Sources */,
				B70968412782CDB0001B0884 /* ControlsView.swift in Sources */,
				2A903A6527969B4F00DB774A /* UserInfo.swift in Sources */,
				B709682D2782CDB0001B0884 /* Game.swift in Sources */,
				2A903A6827969B5D00DB774A /* AppleDelegate.swift in Sources */,
				F7AE675127867F3B007D62FF /* ToeicWord.swift in Sources */,
				B709683D2782CDB0001B0884 /* ResultsView.swift in Sources */,
				2A903A6327969B2800DB774A /* WordView.swift in Sources */,
				2A3AF3AB279E39270020DC74 /* CSVDataView.swift in Sources */,
				2A3AF3A5279E38EB0020DC74 /* NoticeView.swift in Sources */,
				F7AB7CF1278BF91E0039989F /* High.swift in Sources */,
				2A3AF3A2279E38B00020DC74 /* AccountManagement.swift in Sources */,
				B709683B2782CDB0001B0884 /* TimerGame.swift in Sources */,
				2A903A6727969B5800DB774A /* GoogleDelegate.swift in Sources */,
				2A903A6927969B8E00DB774A /* minigame2.swift in Sources */,
				F79D02EC279003EF008A43D6 /* Timmer.swift in Sources */,
				B709683F2782CDB0001B0884 /* WelcomeView.swift in Sources */,
				2A903A6127969B2400DB774A /* TabViewSetting.swift in Sources */,
				B70968392782CDB0001B0884 /* BottomText.swift in Sources */,
				2A3017E5277AA5FC00369590 /* MorizeApp.swift in Sources */,
				F7AB7CF4278BF92A0039989F /* Toeic.swift in Sources */,
				2A903A6627969B5300DB774A /* LoginView.swift in Sources */,
				B709682F2782CDB0001B0884 /* GameColor.swift in Sources */,
				B70968352782CDB0001B0884 /* GameViewModel.swift in Sources */,
				F7F7E132278415BB008FF432 /* WordList.swift in Sources */,
				F7AE674E27867F0E007D62FF /* HighWord.swift in Sources */,
				2A903A5E27969AF900DB774A /* AppDelegate.swift in Sources */,
			);
			runOnlyForDeploymentPostprocessing = 0;
		};
		2A3017CC277AA5FC00369590 /* Sources */ = {
			isa = PBXSourcesBuildPhase;
			buildActionMask = 2147483647;
			files = (
				2A3017D7277AA5FC00369590 /* Tests_iOSLaunchTests.swift in Sources */,
				2A3017D5277AA5FC00369590 /* Tests_iOS.swift in Sources */,
			);
			runOnlyForDeploymentPostprocessing = 0;
		};
		2A3017D8277AA5FC00369590 /* Sources */ = {
			isa = PBXSourcesBuildPhase;
			buildActionMask = 2147483647;
			files = (
				2A3017E3277AA5FC00369590 /* Tests_macOSLaunchTests.swift in Sources */,
				2A3017E1277AA5FC00369590 /* Tests_macOS.swift in Sources */,
			);
			runOnlyForDeploymentPostprocessing = 0;
		};
		F70721C627967F7200C6E549 /* Sources */ = {
			isa = PBXSourcesBuildPhase;
			buildActionMask = 2147483647;
			files = (
				F70721CD27967F7200C6E549 /* MorizeTests.swift in Sources */,
			);
			runOnlyForDeploymentPostprocessing = 0;
		};
/* End PBXSourcesBuildPhase section */

/* Begin PBXTargetDependency section */
		2A3017D2277AA5FC00369590 /* PBXTargetDependency */ = {
			isa = PBXTargetDependency;
			target = 2A3017C2277AA5FC00369590 /* Morize (iOS) */;
			targetProxy = 2A3017D1277AA5FC00369590 /* PBXContainerItemProxy */;
		};
		2A3017DE277AA5FC00369590 /* PBXTargetDependency */ = {
			isa = PBXTargetDependency;
			target = 2A3017C8277AA5FC00369590 /* Morize (macOS) */;
			targetProxy = 2A3017DD277AA5FC00369590 /* PBXContainerItemProxy */;
		};
		F70721CF27967F7200C6E549 /* PBXTargetDependency */ = {
			isa = PBXTargetDependency;
			target = 2A3017C2277AA5FC00369590 /* Morize (iOS) */;
			targetProxy = F70721CE27967F7200C6E549 /* PBXContainerItemProxy */;
		};
/* End PBXTargetDependency section */

/* Begin XCBuildConfiguration section */
		2A3017EA277AA5FC00369590 /* Debug */ = {
			isa = XCBuildConfiguration;
			buildSettings = {
				ALWAYS_SEARCH_USER_PATHS = NO;
				CLANG_ANALYZER_NONNULL = YES;
				CLANG_ANALYZER_NUMBER_OBJECT_CONVERSION = YES_AGGRESSIVE;
				CLANG_CXX_LANGUAGE_STANDARD = "gnu++17";
				CLANG_CXX_LIBRARY = "libc++";
				CLANG_ENABLE_MODULES = YES;
				CLANG_ENABLE_OBJC_ARC = YES;
				CLANG_ENABLE_OBJC_WEAK = YES;
				CLANG_WARN_BLOCK_CAPTURE_AUTORELEASING = YES;
				CLANG_WARN_BOOL_CONVERSION = YES;
				CLANG_WARN_COMMA = YES;
				CLANG_WARN_CONSTANT_CONVERSION = YES;
				CLANG_WARN_DEPRECATED_OBJC_IMPLEMENTATIONS = YES;
				CLANG_WARN_DIRECT_OBJC_ISA_USAGE = YES_ERROR;
				CLANG_WARN_DOCUMENTATION_COMMENTS = YES;
				CLANG_WARN_EMPTY_BODY = YES;
				CLANG_WARN_ENUM_CONVERSION = YES;
				CLANG_WARN_INFINITE_RECURSION = YES;
				CLANG_WARN_INT_CONVERSION = YES;
				CLANG_WARN_NON_LITERAL_NULL_CONVERSION = YES;
				CLANG_WARN_OBJC_IMPLICIT_RETAIN_SELF = YES;
				CLANG_WARN_OBJC_LITERAL_CONVERSION = YES;
				CLANG_WARN_OBJC_ROOT_CLASS = YES_ERROR;
				CLANG_WARN_QUOTED_INCLUDE_IN_FRAMEWORK_HEADER = YES;
				CLANG_WARN_RANGE_LOOP_ANALYSIS = YES;
				CLANG_WARN_STRICT_PROTOTYPES = YES;
				CLANG_WARN_SUSPICIOUS_MOVE = YES;
				CLANG_WARN_UNGUARDED_AVAILABILITY = YES_AGGRESSIVE;
				CLANG_WARN_UNREACHABLE_CODE = YES;
				CLANG_WARN__DUPLICATE_METHOD_MATCH = YES;
				COPY_PHASE_STRIP = NO;
				DEBUG_INFORMATION_FORMAT = dwarf;
				ENABLE_STRICT_OBJC_MSGSEND = YES;
				ENABLE_TESTABILITY = YES;
				GCC_C_LANGUAGE_STANDARD = gnu11;
				GCC_DYNAMIC_NO_PIC = NO;
				GCC_NO_COMMON_BLOCKS = YES;
				GCC_OPTIMIZATION_LEVEL = 0;
				GCC_PREPROCESSOR_DEFINITIONS = (
					"DEBUG=1",
					"$(inherited)",
				);
				GCC_WARN_64_TO_32_BIT_CONVERSION = YES;
				GCC_WARN_ABOUT_RETURN_TYPE = YES_ERROR;
				GCC_WARN_UNDECLARED_SELECTOR = YES;
				GCC_WARN_UNINITIALIZED_AUTOS = YES_AGGRESSIVE;
				GCC_WARN_UNUSED_FUNCTION = YES;
				GCC_WARN_UNUSED_VARIABLE = YES;
				MTL_ENABLE_DEBUG_INFO = INCLUDE_SOURCE;
				MTL_FAST_MATH = YES;
				ONLY_ACTIVE_ARCH = YES;
				SWIFT_ACTIVE_COMPILATION_CONDITIONS = DEBUG;
				SWIFT_OPTIMIZATION_LEVEL = "-Onone";
			};
			name = Debug;
		};
		2A3017EB277AA5FC00369590 /* Release */ = {
			isa = XCBuildConfiguration;
			buildSettings = {
				ALWAYS_SEARCH_USER_PATHS = NO;
				CLANG_ANALYZER_NONNULL = YES;
				CLANG_ANALYZER_NUMBER_OBJECT_CONVERSION = YES_AGGRESSIVE;
				CLANG_CXX_LANGUAGE_STANDARD = "gnu++17";
				CLANG_CXX_LIBRARY = "libc++";
				CLANG_ENABLE_MODULES = YES;
				CLANG_ENABLE_OBJC_ARC = YES;
				CLANG_ENABLE_OBJC_WEAK = YES;
				CLANG_WARN_BLOCK_CAPTURE_AUTORELEASING = YES;
				CLANG_WARN_BOOL_CONVERSION = YES;
				CLANG_WARN_COMMA = YES;
				CLANG_WARN_CONSTANT_CONVERSION = YES;
				CLANG_WARN_DEPRECATED_OBJC_IMPLEMENTATIONS = YES;
				CLANG_WARN_DIRECT_OBJC_ISA_USAGE = YES_ERROR;
				CLANG_WARN_DOCUMENTATION_COMMENTS = YES;
				CLANG_WARN_EMPTY_BODY = YES;
				CLANG_WARN_ENUM_CONVERSION = YES;
				CLANG_WARN_INFINITE_RECURSION = YES;
				CLANG_WARN_INT_CONVERSION = YES;
				CLANG_WARN_NON_LITERAL_NULL_CONVERSION = YES;
				CLANG_WARN_OBJC_IMPLICIT_RETAIN_SELF = YES;
				CLANG_WARN_OBJC_LITERAL_CONVERSION = YES;
				CLANG_WARN_OBJC_ROOT_CLASS = YES_ERROR;
				CLANG_WARN_QUOTED_INCLUDE_IN_FRAMEWORK_HEADER = YES;
				CLANG_WARN_RANGE_LOOP_ANALYSIS = YES;
				CLANG_WARN_STRICT_PROTOTYPES = YES;
				CLANG_WARN_SUSPICIOUS_MOVE = YES;
				CLANG_WARN_UNGUARDED_AVAILABILITY = YES_AGGRESSIVE;
				CLANG_WARN_UNREACHABLE_CODE = YES;
				CLANG_WARN__DUPLICATE_METHOD_MATCH = YES;
				COPY_PHASE_STRIP = NO;
				DEBUG_INFORMATION_FORMAT = "dwarf-with-dsym";
				ENABLE_NS_ASSERTIONS = NO;
				ENABLE_STRICT_OBJC_MSGSEND = YES;
				GCC_C_LANGUAGE_STANDARD = gnu11;
				GCC_NO_COMMON_BLOCKS = YES;
				GCC_WARN_64_TO_32_BIT_CONVERSION = YES;
				GCC_WARN_ABOUT_RETURN_TYPE = YES_ERROR;
				GCC_WARN_UNDECLARED_SELECTOR = YES;
				GCC_WARN_UNINITIALIZED_AUTOS = YES_AGGRESSIVE;
				GCC_WARN_UNUSED_FUNCTION = YES;
				GCC_WARN_UNUSED_VARIABLE = YES;
				MTL_ENABLE_DEBUG_INFO = NO;
				MTL_FAST_MATH = YES;
				SWIFT_COMPILATION_MODE = wholemodule;
				SWIFT_OPTIMIZATION_LEVEL = "-O";
			};
			name = Release;
		};
		2A3017ED277AA5FC00369590 /* Debug */ = {
			isa = XCBuildConfiguration;
			baseConfigurationReference = 3CC5EE289EDDEB2E4A9D8C4F /* Pods-Morize (iOS).debug.xcconfig */;
			buildSettings = {
				ASSETCATALOG_COMPILER_APPICON_NAME = AppIcon;
				ASSETCATALOG_COMPILER_GLOBAL_ACCENT_COLOR_NAME = AccentColor;
				CODE_SIGN_ENTITLEMENTS = "Morize (iOS).entitlements";
				CODE_SIGN_IDENTITY = "Apple Development";
				CODE_SIGN_STYLE = Automatic;
				CURRENT_PROJECT_VERSION = 1;
				DEVELOPMENT_TEAM = X843D4L2C2;
				ENABLE_PREVIEWS = YES;
				GENERATE_INFOPLIST_FILE = YES;
				INFOPLIST_FILE = "Morize--iOS--Info.plist";
				INFOPLIST_KEY_UIApplicationSceneManifest_Generation = YES;
				INFOPLIST_KEY_UIApplicationSupportsIndirectInputEvents = YES;
				INFOPLIST_KEY_UILaunchScreen_Generation = YES;
				INFOPLIST_KEY_UISupportedInterfaceOrientations_iPad = "UIInterfaceOrientationPortrait UIInterfaceOrientationPortraitUpsideDown UIInterfaceOrientationLandscapeLeft UIInterfaceOrientationLandscapeRight";
				INFOPLIST_KEY_UISupportedInterfaceOrientations_iPhone = "UIInterfaceOrientationPortrait UIInterfaceOrientationLandscapeLeft UIInterfaceOrientationLandscapeRight";
				IPHONEOS_DEPLOYMENT_TARGET = 15.0;
				LD_RUNPATH_SEARCH_PATHS = (
					"$(inherited)",
					"@executable_path/Frameworks",
				);
				MARKETING_VERSION = 1.0;
				PRODUCT_BUNDLE_IDENTIFIER = com.jdh.Morize;
				PRODUCT_NAME = Morize;
				PROVISIONING_PROFILE_SPECIFIER = "";
				SDKROOT = iphoneos;
				SWIFT_EMIT_LOC_STRINGS = YES;
				SWIFT_VERSION = 5.0;
				TARGETED_DEVICE_FAMILY = "1,2";
			};
			name = Debug;
		};
		2A3017EE277AA5FC00369590 /* Release */ = {
			isa = XCBuildConfiguration;
			baseConfigurationReference = AB332727A5833889AE29007F /* Pods-Morize (iOS).release.xcconfig */;
			buildSettings = {
				ASSETCATALOG_COMPILER_APPICON_NAME = AppIcon;
				ASSETCATALOG_COMPILER_GLOBAL_ACCENT_COLOR_NAME = AccentColor;
				CODE_SIGN_ENTITLEMENTS = "Morize (iOS).entitlements";
				CODE_SIGN_IDENTITY = "Apple Development";
				CODE_SIGN_STYLE = Automatic;
				CURRENT_PROJECT_VERSION = 1;
				DEVELOPMENT_TEAM = X843D4L2C2;
				ENABLE_PREVIEWS = YES;
				GENERATE_INFOPLIST_FILE = YES;
				INFOPLIST_FILE = "Morize--iOS--Info.plist";
				INFOPLIST_KEY_UIApplicationSceneManifest_Generation = YES;
				INFOPLIST_KEY_UIApplicationSupportsIndirectInputEvents = YES;
				INFOPLIST_KEY_UILaunchScreen_Generation = YES;
				INFOPLIST_KEY_UISupportedInterfaceOrientations_iPad = "UIInterfaceOrientationPortrait UIInterfaceOrientationPortraitUpsideDown UIInterfaceOrientationLandscapeLeft UIInterfaceOrientationLandscapeRight";
				INFOPLIST_KEY_UISupportedInterfaceOrientations_iPhone = "UIInterfaceOrientationPortrait UIInterfaceOrientationLandscapeLeft UIInterfaceOrientationLandscapeRight";
				IPHONEOS_DEPLOYMENT_TARGET = 15.0;
				LD_RUNPATH_SEARCH_PATHS = (
					"$(inherited)",
					"@executable_path/Frameworks",
				);
				MARKETING_VERSION = 1.0;
				PRODUCT_BUNDLE_IDENTIFIER = com.jdh.Morize;
				PRODUCT_NAME = Morize;
				PROVISIONING_PROFILE_SPECIFIER = "";
				SDKROOT = iphoneos;
				SWIFT_EMIT_LOC_STRINGS = YES;
				SWIFT_OPTIMIZATION_LEVEL = "-Onone";
				SWIFT_VERSION = 5.0;
				TARGETED_DEVICE_FAMILY = "1,2";
				VALIDATE_PRODUCT = YES;
			};
			name = Release;
		};
		2A3017F0277AA5FC00369590 /* Debug */ = {
			isa = XCBuildConfiguration;
			baseConfigurationReference = 8980DC06CA9105AA41A0F6A5 /* Pods-Morize (macOS).debug.xcconfig */;
			buildSettings = {
				ASSETCATALOG_COMPILER_APPICON_NAME = AppIcon;
				ASSETCATALOG_COMPILER_GLOBAL_ACCENT_COLOR_NAME = AccentColor;
				CODE_SIGN_ENTITLEMENTS = macOS/macOS.entitlements;
				CODE_SIGN_STYLE = Automatic;
				COMBINE_HIDPI_IMAGES = YES;
				CURRENT_PROJECT_VERSION = 1;
				DEVELOPMENT_TEAM = JVBAL8CV7V;
				ENABLE_HARDENED_RUNTIME = YES;
				ENABLE_PREVIEWS = YES;
				GENERATE_INFOPLIST_FILE = YES;
				INFOPLIST_KEY_NSHumanReadableCopyright = "";
				LD_RUNPATH_SEARCH_PATHS = (
					"$(inherited)",
					"@executable_path/../Frameworks",
				);
				MACOSX_DEPLOYMENT_TARGET = 12.1;
				MARKETING_VERSION = 1.0;
				PRODUCT_BUNDLE_IDENTIFIER = com.jdh.Morize;
				PRODUCT_NAME = Morize;
				SDKROOT = macosx;
				SWIFT_EMIT_LOC_STRINGS = YES;
				SWIFT_VERSION = 5.0;
			};
			name = Debug;
		};
		2A3017F1277AA5FC00369590 /* Release */ = {
			isa = XCBuildConfiguration;
			baseConfigurationReference = 25D9DB5502EB0EB628DE1CF9 /* Pods-Morize (macOS).release.xcconfig */;
			buildSettings = {
				ASSETCATALOG_COMPILER_APPICON_NAME = AppIcon;
				ASSETCATALOG_COMPILER_GLOBAL_ACCENT_COLOR_NAME = AccentColor;
				CODE_SIGN_ENTITLEMENTS = macOS/macOS.entitlements;
				CODE_SIGN_STYLE = Automatic;
				COMBINE_HIDPI_IMAGES = YES;
				CURRENT_PROJECT_VERSION = 1;
				DEVELOPMENT_TEAM = JVBAL8CV7V;
				ENABLE_HARDENED_RUNTIME = YES;
				ENABLE_PREVIEWS = YES;
				GENERATE_INFOPLIST_FILE = YES;
				INFOPLIST_KEY_NSHumanReadableCopyright = "";
				LD_RUNPATH_SEARCH_PATHS = (
					"$(inherited)",
					"@executable_path/../Frameworks",
				);
				MACOSX_DEPLOYMENT_TARGET = 12.1;
				MARKETING_VERSION = 1.0;
				PRODUCT_BUNDLE_IDENTIFIER = com.jdh.Morize;
				PRODUCT_NAME = Morize;
				SDKROOT = macosx;
				SWIFT_EMIT_LOC_STRINGS = YES;
				SWIFT_VERSION = 5.0;
			};
			name = Release;
		};
		2A3017F3277AA5FC00369590 /* Debug */ = {
			isa = XCBuildConfiguration;
			buildSettings = {
				ALWAYS_EMBED_SWIFT_STANDARD_LIBRARIES = YES;
				CODE_SIGN_STYLE = Automatic;
				CURRENT_PROJECT_VERSION = 1;
				DEVELOPMENT_TEAM = JVBAL8CV7V;
				GENERATE_INFOPLIST_FILE = YES;
				IPHONEOS_DEPLOYMENT_TARGET = 15.2;
				MARKETING_VERSION = 1.0;
				PRODUCT_BUNDLE_IDENTIFIER = "com.jdh.Tests-iOS";
				PRODUCT_NAME = "$(TARGET_NAME)";
				SDKROOT = iphoneos;
				SWIFT_EMIT_LOC_STRINGS = NO;
				SWIFT_VERSION = 5.0;
				TARGETED_DEVICE_FAMILY = "1,2";
				TEST_TARGET_NAME = "Morize (iOS)";
			};
			name = Debug;
		};
		2A3017F4277AA5FC00369590 /* Release */ = {
			isa = XCBuildConfiguration;
			buildSettings = {
				ALWAYS_EMBED_SWIFT_STANDARD_LIBRARIES = YES;
				CODE_SIGN_STYLE = Automatic;
				CURRENT_PROJECT_VERSION = 1;
				DEVELOPMENT_TEAM = JVBAL8CV7V;
				GENERATE_INFOPLIST_FILE = YES;
				IPHONEOS_DEPLOYMENT_TARGET = 15.2;
				MARKETING_VERSION = 1.0;
				PRODUCT_BUNDLE_IDENTIFIER = "com.jdh.Tests-iOS";
				PRODUCT_NAME = "$(TARGET_NAME)";
				SDKROOT = iphoneos;
				SWIFT_EMIT_LOC_STRINGS = NO;
				SWIFT_VERSION = 5.0;
				TARGETED_DEVICE_FAMILY = "1,2";
				TEST_TARGET_NAME = "Morize (iOS)";
				VALIDATE_PRODUCT = YES;
			};
			name = Release;
		};
		2A3017F6277AA5FC00369590 /* Debug */ = {
			isa = XCBuildConfiguration;
			buildSettings = {
				ALWAYS_EMBED_SWIFT_STANDARD_LIBRARIES = YES;
				CODE_SIGN_STYLE = Automatic;
				CURRENT_PROJECT_VERSION = 1;
				DEVELOPMENT_TEAM = JVBAL8CV7V;
				GENERATE_INFOPLIST_FILE = YES;
				MACOSX_DEPLOYMENT_TARGET = 12.1;
				MARKETING_VERSION = 1.0;
				PRODUCT_BUNDLE_IDENTIFIER = "com.jdh.Tests-macOS";
				PRODUCT_NAME = "$(TARGET_NAME)";
				SDKROOT = macosx;
				SWIFT_EMIT_LOC_STRINGS = NO;
				SWIFT_VERSION = 5.0;
				TEST_TARGET_NAME = "Morize (macOS)";
			};
			name = Debug;
		};
		2A3017F7277AA5FC00369590 /* Release */ = {
			isa = XCBuildConfiguration;
			buildSettings = {
				ALWAYS_EMBED_SWIFT_STANDARD_LIBRARIES = YES;
				CODE_SIGN_STYLE = Automatic;
				CURRENT_PROJECT_VERSION = 1;
				DEVELOPMENT_TEAM = JVBAL8CV7V;
				GENERATE_INFOPLIST_FILE = YES;
				MACOSX_DEPLOYMENT_TARGET = 12.1;
				MARKETING_VERSION = 1.0;
				PRODUCT_BUNDLE_IDENTIFIER = "com.jdh.Tests-macOS";
				PRODUCT_NAME = "$(TARGET_NAME)";
				SDKROOT = macosx;
				SWIFT_EMIT_LOC_STRINGS = NO;
				SWIFT_VERSION = 5.0;
				TEST_TARGET_NAME = "Morize (macOS)";
			};
			name = Release;
		};
		F70721D027967F7200C6E549 /* Debug */ = {
			isa = XCBuildConfiguration;
			buildSettings = {
				BUNDLE_LOADER = "$(TEST_HOST)";
				CODE_SIGN_STYLE = Automatic;
				CURRENT_PROJECT_VERSION = 1;
				GENERATE_INFOPLIST_FILE = YES;
				IPHONEOS_DEPLOYMENT_TARGET = 15.2;
				MARKETING_VERSION = 1.0;
				PRODUCT_BUNDLE_IDENTIFIER = jh.MorizeTests;
				PRODUCT_NAME = "$(TARGET_NAME)";
				SDKROOT = iphoneos;
				SWIFT_EMIT_LOC_STRINGS = NO;
				SWIFT_VERSION = 5.0;
				TARGETED_DEVICE_FAMILY = "1,2";
				TEST_HOST = "$(BUILT_PRODUCTS_DIR)/Morize.app/Morize";
			};
			name = Debug;
		};
		F70721D127967F7200C6E549 /* Release */ = {
			isa = XCBuildConfiguration;
			buildSettings = {
				BUNDLE_LOADER = "$(TEST_HOST)";
				CODE_SIGN_STYLE = Automatic;
				CURRENT_PROJECT_VERSION = 1;
				GENERATE_INFOPLIST_FILE = YES;
				IPHONEOS_DEPLOYMENT_TARGET = 15.2;
				MARKETING_VERSION = 1.0;
				PRODUCT_BUNDLE_IDENTIFIER = jh.MorizeTests;
				PRODUCT_NAME = "$(TARGET_NAME)";
				SDKROOT = iphoneos;
				SWIFT_EMIT_LOC_STRINGS = NO;
				SWIFT_VERSION = 5.0;
				TARGETED_DEVICE_FAMILY = "1,2";
				TEST_HOST = "$(BUILT_PRODUCTS_DIR)/Morize.app/Morize";
				VALIDATE_PRODUCT = YES;
			};
			name = Release;
		};
/* End XCBuildConfiguration section */

/* Begin XCConfigurationList section */
		2A3017BA277AA5F900369590 /* Build configuration list for PBXProject "Morize" */ = {
			isa = XCConfigurationList;
			buildConfigurations = (
				2A3017EA277AA5FC00369590 /* Debug */,
				2A3017EB277AA5FC00369590 /* Release */,
			);
			defaultConfigurationIsVisible = 0;
			defaultConfigurationName = Release;
		};
		2A3017EC277AA5FC00369590 /* Build configuration list for PBXNativeTarget "Morize (iOS)" */ = {
			isa = XCConfigurationList;
			buildConfigurations = (
				2A3017ED277AA5FC00369590 /* Debug */,
				2A3017EE277AA5FC00369590 /* Release */,
			);
			defaultConfigurationIsVisible = 0;
			defaultConfigurationName = Release;
		};
		2A3017EF277AA5FC00369590 /* Build configuration list for PBXNativeTarget "Morize (macOS)" */ = {
			isa = XCConfigurationList;
			buildConfigurations = (
				2A3017F0277AA5FC00369590 /* Debug */,
				2A3017F1277AA5FC00369590 /* Release */,
			);
			defaultConfigurationIsVisible = 0;
			defaultConfigurationName = Release;
		};
		2A3017F2277AA5FC00369590 /* Build configuration list for PBXNativeTarget "Tests iOS" */ = {
			isa = XCConfigurationList;
			buildConfigurations = (
				2A3017F3277AA5FC00369590 /* Debug */,
				2A3017F4277AA5FC00369590 /* Release */,
			);
			defaultConfigurationIsVisible = 0;
			defaultConfigurationName = Release;
		};
		2A3017F5277AA5FC00369590 /* Build configuration list for PBXNativeTarget "Tests macOS" */ = {
			isa = XCConfigurationList;
			buildConfigurations = (
				2A3017F6277AA5FC00369590 /* Debug */,
				2A3017F7277AA5FC00369590 /* Release */,
			);
			defaultConfigurationIsVisible = 0;
			defaultConfigurationName = Release;
		};
		F70721D227967F7200C6E549 /* Build configuration list for PBXNativeTarget "MorizeTests" */ = {
			isa = XCConfigurationList;
			buildConfigurations = (
				F70721D027967F7200C6E549 /* Debug */,
				F70721D127967F7200C6E549 /* Release */,
			);
			defaultConfigurationIsVisible = 0;
			defaultConfigurationName = Release;
		};
/* End XCConfigurationList section */

/* Begin XCRemoteSwiftPackageReference section */
		B712F9C5277D6D8700E7A3BD /* XCRemoteSwiftPackageReference "lottie-ios" */ = {
			isa = XCRemoteSwiftPackageReference;
			repositoryURL = "https://github.com/airbnb/lottie-ios.git";
			requirement = {
				kind = upToNextMajorVersion;
				minimumVersion = 3.0.0;
			};
		};
/* End XCRemoteSwiftPackageReference section */

/* Begin XCSwiftPackageProductDependency section */
		B712F9C6277D6D8700E7A3BD /* Lottie */ = {
			isa = XCSwiftPackageProductDependency;
			package = B712F9C5277D6D8700E7A3BD /* XCRemoteSwiftPackageReference "lottie-ios" */;
			productName = Lottie;
		};
/* End XCSwiftPackageProductDependency section */
	};
	rootObject = 2A3017B7277AA5F900369590 /* Project object */;
}
